// !$*UTF8*$!
{
	archiveVersion = 1;
	classes = {
	};
	objectVersion = 55;
	objects = {

/* Begin PBXBuildFile section */
		4E29938E93946F34C7003611 /* Pods_SmartExchange___Store_Trade_in.framework in Frameworks */ = {isa = PBXBuildFile; fileRef = 6586E9BD30F53F33AEE3DF69 /* Pods_SmartExchange___Store_Trade_in.framework */; };
		594E45DF27D350F100602BE4 /* AppDelegate.swift in Sources */ = {isa = PBXBuildFile; fileRef = 594E45DE27D350F100602BE4 /* AppDelegate.swift */; };
		594E45E127D350F100602BE4 /* SceneDelegate.swift in Sources */ = {isa = PBXBuildFile; fileRef = 594E45E027D350F100602BE4 /* SceneDelegate.swift */; };
		594E45E627D350F100602BE4 /* Main.storyboard in Resources */ = {isa = PBXBuildFile; fileRef = 594E45E427D350F100602BE4 /* Main.storyboard */; };
		594E45E827D350F500602BE4 /* Assets.xcassets in Resources */ = {isa = PBXBuildFile; fileRef = 594E45E727D350F500602BE4 /* Assets.xcassets */; };
		594E45EB27D350F500602BE4 /* LaunchScreen.storyboard in Resources */ = {isa = PBXBuildFile; fileRef = 594E45E927D350F500602BE4 /* LaunchScreen.storyboard */; };
		594E45F627D350F500602BE4 /* SmartExchange___Store_Trade_inTests.swift in Sources */ = {isa = PBXBuildFile; fileRef = 594E45F527D350F500602BE4 /* SmartExchange___Store_Trade_inTests.swift */; };
		594E460027D350F500602BE4 /* SmartExchange___Store_Trade_inUITests.swift in Sources */ = {isa = PBXBuildFile; fileRef = 594E45FF27D350F500602BE4 /* SmartExchange___Store_Trade_inUITests.swift */; };
		594E460227D350F500602BE4 /* SmartExchange___Store_Trade_inUITestsLaunchTests.swift in Sources */ = {isa = PBXBuildFile; fileRef = 594E460127D350F500602BE4 /* SmartExchange___Store_Trade_inUITestsLaunchTests.swift */; };
		594E461627D3555C00602BE4 /* ViewController-Extension.swift in Sources */ = {isa = PBXBuildFile; fileRef = 594E461127D3555C00602BE4 /* ViewController-Extension.swift */; };
		594E461727D3555C00602BE4 /* DeviceModel.swift in Sources */ = {isa = PBXBuildFile; fileRef = 594E461227D3555C00602BE4 /* DeviceModel.swift */; };
		594E461827D3555C00602BE4 /* AppConstant.swift in Sources */ = {isa = PBXBuildFile; fileRef = 594E461327D3555C00602BE4 /* AppConstant.swift */; };
		594E461927D3555C00602BE4 /* PaddingLabel.swift in Sources */ = {isa = PBXBuildFile; fileRef = 594E461427D3555C00602BE4 /* PaddingLabel.swift */; };
		594E461A27D3555C00602BE4 /* AllExtensions.swift in Sources */ = {isa = PBXBuildFile; fileRef = 594E461527D3555C00602BE4 /* AllExtensions.swift */; };
		594E462927D355D000602BE4 /* EndGameVC.swift in Sources */ = {isa = PBXBuildFile; fileRef = 594E461C27D355CF00602BE4 /* EndGameVC.swift */; };
		594E462A27D355D000602BE4 /* StoreTokenVC.swift in Sources */ = {isa = PBXBuildFile; fileRef = 594E461D27D355CF00602BE4 /* StoreTokenVC.swift */; };
		594E462B27D355D000602BE4 /* HomeVC.swift in Sources */ = {isa = PBXBuildFile; fileRef = 594E461E27D355CF00602BE4 /* HomeVC.swift */; };
		594E462C27D355D000602BE4 /* UserDetailVC.swift in Sources */ = {isa = PBXBuildFile; fileRef = 594E461F27D355CF00602BE4 /* UserDetailVC.swift */; };
		594E462F27D355D000602BE4 /* PreviousQuoteVC.swift in Sources */ = {isa = PBXBuildFile; fileRef = 594E462227D355D000602BE4 /* PreviousQuoteVC.swift */; };
		594E463027D355D000602BE4 /* QuoteDetailVC.swift in Sources */ = {isa = PBXBuildFile; fileRef = 594E462327D355D000602BE4 /* QuoteDetailVC.swift */; };
		594E463127D355D000602BE4 /* ImeiVC.swift in Sources */ = {isa = PBXBuildFile; fileRef = 594E462427D355D000602BE4 /* ImeiVC.swift */; };
		594E463227D355D000602BE4 /* EntryNavigationVC.swift in Sources */ = {isa = PBXBuildFile; fileRef = 594E462527D355D000602BE4 /* EntryNavigationVC.swift */; };
		594E463327D355D000602BE4 /* FinalQuoteVC.swift in Sources */ = {isa = PBXBuildFile; fileRef = 594E462627D355D000602BE4 /* FinalQuoteVC.swift */; };
		594E463527D355D000602BE4 /* TradeInFormVC.swift in Sources */ = {isa = PBXBuildFile; fileRef = 594E462827D355D000602BE4 /* TradeInFormVC.swift */; };
		594E463B27D3572800602BE4 /* CountryCVCell.swift in Sources */ = {isa = PBXBuildFile; fileRef = 594E463727D3572800602BE4 /* CountryCVCell.swift */; };
		594E463C27D3572800602BE4 /* CountryLanguageCVCell.swift in Sources */ = {isa = PBXBuildFile; fileRef = 594E463827D3572800602BE4 /* CountryLanguageCVCell.swift */; };
		594E463D27D3572800602BE4 /* CountryLanguageCVCell.xib in Resources */ = {isa = PBXBuildFile; fileRef = 594E463927D3572800602BE4 /* CountryLanguageCVCell.xib */; };
		594E463E27D3572800602BE4 /* CountryCVCell.xib in Resources */ = {isa = PBXBuildFile; fileRef = 594E463A27D3572800602BE4 /* CountryCVCell.xib */; };
		594E464C27D3576300602BE4 /* Roboto-Light.ttf in Resources */ = {isa = PBXBuildFile; fileRef = 594E464027D3576200602BE4 /* Roboto-Light.ttf */; };
		594E464D27D3576300602BE4 /* Roboto-BoldItalic.ttf in Resources */ = {isa = PBXBuildFile; fileRef = 594E464127D3576200602BE4 /* Roboto-BoldItalic.ttf */; };
		594E464E27D3576300602BE4 /* Roboto-Bold.ttf in Resources */ = {isa = PBXBuildFile; fileRef = 594E464227D3576200602BE4 /* Roboto-Bold.ttf */; };
		594E464F27D3576300602BE4 /* Roboto-LightItalic.ttf in Resources */ = {isa = PBXBuildFile; fileRef = 594E464327D3576200602BE4 /* Roboto-LightItalic.ttf */; };
		594E465027D3576300602BE4 /* Roboto-Medium.ttf in Resources */ = {isa = PBXBuildFile; fileRef = 594E464427D3576200602BE4 /* Roboto-Medium.ttf */; };
		594E465127D3576300602BE4 /* Roboto-MediumItalic.ttf in Resources */ = {isa = PBXBuildFile; fileRef = 594E464527D3576200602BE4 /* Roboto-MediumItalic.ttf */; };
		594E465227D3576300602BE4 /* Roboto-Black.ttf in Resources */ = {isa = PBXBuildFile; fileRef = 594E464627D3576200602BE4 /* Roboto-Black.ttf */; };
		594E465327D3576300602BE4 /* Roboto-Thin.ttf in Resources */ = {isa = PBXBuildFile; fileRef = 594E464727D3576200602BE4 /* Roboto-Thin.ttf */; };
		594E465427D3576300602BE4 /* Roboto-ThinItalic.ttf in Resources */ = {isa = PBXBuildFile; fileRef = 594E464827D3576300602BE4 /* Roboto-ThinItalic.ttf */; };
		594E465527D3576300602BE4 /* Roboto-BlackItalic.ttf in Resources */ = {isa = PBXBuildFile; fileRef = 594E464927D3576300602BE4 /* Roboto-BlackItalic.ttf */; };
		594E465627D3576300602BE4 /* Roboto-Italic.ttf in Resources */ = {isa = PBXBuildFile; fileRef = 594E464A27D3576300602BE4 /* Roboto-Italic.ttf */; };
		594E465727D3576300602BE4 /* Roboto-Regular.ttf in Resources */ = {isa = PBXBuildFile; fileRef = 594E464B27D3576300602BE4 /* Roboto-Regular.ttf */; };
		594E465D27D357A300602BE4 /* SelectTextCell.swift in Sources */ = {isa = PBXBuildFile; fileRef = 594E465927D357A300602BE4 /* SelectTextCell.swift */; };
		594E465E27D357A300602BE4 /* TextBoxCell.swift in Sources */ = {isa = PBXBuildFile; fileRef = 594E465A27D357A300602BE4 /* TextBoxCell.swift */; };
		594E465F27D357A300602BE4 /* MobileNumberCell.swift in Sources */ = {isa = PBXBuildFile; fileRef = 594E465B27D357A300602BE4 /* MobileNumberCell.swift */; };
		594E466027D357A300602BE4 /* HtmlCell.swift in Sources */ = {isa = PBXBuildFile; fileRef = 594E465C27D357A300602BE4 /* HtmlCell.swift */; };
		594E466927D357D700602BE4 /* earphone_jack.gif in Resources */ = {isa = PBXBuildFile; fileRef = 594E466227D357D600602BE4 /* earphone_jack.gif */; };
		594E466A27D357D700602BE4 /* speech.gif in Resources */ = {isa = PBXBuildFile; fileRef = 594E466327D357D600602BE4 /* speech.gif */; };
		594E466B27D357D700602BE4 /* final_touch.gif in Resources */ = {isa = PBXBuildFile; fileRef = 594E466427D357D600602BE4 /* final_touch.gif */; };
		594E466C27D357D700602BE4 /* charging.gif in Resources */ = {isa = PBXBuildFile; fileRef = 594E466527D357D600602BE4 /* charging.gif */; };
		594E466D27D357D700602BE4 /* proximity.gif in Resources */ = {isa = PBXBuildFile; fileRef = 594E466627D357D600602BE4 /* proximity.gif */; };
		594E466E27D357D700602BE4 /* internal.gif in Resources */ = {isa = PBXBuildFile; fileRef = 594E466727D357D600602BE4 /* internal.gif */; };
		594E466F27D357D700602BE4 /* rotation.gif in Resources */ = {isa = PBXBuildFile; fileRef = 594E466827D357D600602BE4 /* rotation.gif */; };
		594E467427D3665300602BE4 /* Recording.swift in Sources */ = {isa = PBXBuildFile; fileRef = 594E467127D3665300602BE4 /* Recording.swift */; };
		594E467527D3665300602BE4 /* UIDropDown.swift in Sources */ = {isa = PBXBuildFile; fileRef = 594E467227D3665300602BE4 /* UIDropDown.swift */; };
		594E467627D3665300602BE4 /* Reachability.swift in Sources */ = {isa = PBXBuildFile; fileRef = 594E467327D3665300602BE4 /* Reachability.swift */; };
		594E468127D3668700602BE4 /* TPKeyboardAvoidingScrollView.m in Sources */ = {isa = PBXBuildFile; fileRef = 594E467B27D3668700602BE4 /* TPKeyboardAvoidingScrollView.m */; };
		594E468227D3668700602BE4 /* TPKeyboardAvoidingCollectionView.m in Sources */ = {isa = PBXBuildFile; fileRef = 594E467D27D3668700602BE4 /* TPKeyboardAvoidingCollectionView.m */; };
		594E468327D3668700602BE4 /* UIScrollView+TPKeyboardAvoidingAdditions.m in Sources */ = {isa = PBXBuildFile; fileRef = 594E467E27D3668700602BE4 /* UIScrollView+TPKeyboardAvoidingAdditions.m */; };
		594E468427D3668700602BE4 /* TPKeyboardAvoidingTableView.m in Sources */ = {isa = PBXBuildFile; fileRef = 594E467F27D3668700602BE4 /* TPKeyboardAvoidingTableView.m */; };
		594E468727D366DF00602BE4 /* GoogleService-Info.plist in Resources */ = {isa = PBXBuildFile; fileRef = 594E468627D366DF00602BE4 /* GoogleService-Info.plist */; };
		594E468D27D3671800602BE4 /* Questions.swift in Sources */ = {isa = PBXBuildFile; fileRef = 594E468827D3671800602BE4 /* Questions.swift */; };
		594E468E27D3671800602BE4 /* Msg.swift in Sources */ = {isa = PBXBuildFile; fileRef = 594E468927D3671800602BE4 /* Msg.swift */; };
		594E468F27D3671800602BE4 /* ConditionValue.swift in Sources */ = {isa = PBXBuildFile; fileRef = 594E468A27D3671800602BE4 /* ConditionValue.swift */; };
		594E469027D3671800602BE4 /* SpecificationValue.swift in Sources */ = {isa = PBXBuildFile; fileRef = 594E468B27D3671800602BE4 /* SpecificationValue.swift */; };
		594E469127D3671800602BE4 /* CosmeticQuestions.swift in Sources */ = {isa = PBXBuildFile; fileRef = 594E468C27D3671800602BE4 /* CosmeticQuestions.swift */; };
		594E469527D3674C00602BE4 /* StoreUrlData.swift in Sources */ = {isa = PBXBuildFile; fileRef = 594E469327D3674C00602BE4 /* StoreUrlData.swift */; };
		594E469627D3674C00602BE4 /* CountryLanguages.swift in Sources */ = {isa = PBXBuildFile; fileRef = 594E469427D3674C00602BE4 /* CountryLanguages.swift */; };
		594E46A427D367A200602BE4 /* four.wav in Resources */ = {isa = PBXBuildFile; fileRef = 594E469927D367A100602BE4 /* four.wav */; };
		594E46A527D367A200602BE4 /* five.wav in Resources */ = {isa = PBXBuildFile; fileRef = 594E469A27D367A100602BE4 /* five.wav */; };
		594E46A627D367A200602BE4 /* whistle.mp3 in Resources */ = {isa = PBXBuildFile; fileRef = 594E469B27D367A100602BE4 /* whistle.mp3 */; };
		594E46A727D367A200602BE4 /* seven.wav in Resources */ = {isa = PBXBuildFile; fileRef = 594E469C27D367A100602BE4 /* seven.wav */; };
		594E46A827D367A200602BE4 /* nine.wav in Resources */ = {isa = PBXBuildFile; fileRef = 594E469D27D367A100602BE4 /* nine.wav */; };
		594E46A927D367A200602BE4 /* one.wav in Resources */ = {isa = PBXBuildFile; fileRef = 594E469E27D367A200602BE4 /* one.wav */; };
		594E46AA27D367A200602BE4 /* six.wav in Resources */ = {isa = PBXBuildFile; fileRef = 594E469F27D367A200602BE4 /* six.wav */; };
		594E46AB27D367A200602BE4 /* eight.wav in Resources */ = {isa = PBXBuildFile; fileRef = 594E46A027D367A200602BE4 /* eight.wav */; };
		594E46AC27D367A200602BE4 /* three.wav in Resources */ = {isa = PBXBuildFile; fileRef = 594E46A127D367A200602BE4 /* three.wav */; };
		594E46AD27D367A200602BE4 /* two.wav in Resources */ = {isa = PBXBuildFile; fileRef = 594E46A227D367A200602BE4 /* two.wav */; };
		594E46AE27D367A200602BE4 /* zero.wav in Resources */ = {isa = PBXBuildFile; fileRef = 594E46A327D367A200602BE4 /* zero.wav */; };
		594E46B827D367FA00602BE4 /* TestResultTitleCell.xib in Resources */ = {isa = PBXBuildFile; fileRef = 594E46B027D367F900602BE4 /* TestResultTitleCell.xib */; };
		594E46B927D367FA00602BE4 /* SkipTestCell.swift in Sources */ = {isa = PBXBuildFile; fileRef = 594E46B127D367F900602BE4 /* SkipTestCell.swift */; };
		594E46BA27D367FA00602BE4 /* TestResultCell.swift in Sources */ = {isa = PBXBuildFile; fileRef = 594E46B227D367F900602BE4 /* TestResultCell.swift */; };
		594E46BB27D367FA00602BE4 /* ResultCell.xib in Resources */ = {isa = PBXBuildFile; fileRef = 594E46B327D367FA00602BE4 /* ResultCell.xib */; };
		594E46BC27D367FA00602BE4 /* TestResultCell.xib in Resources */ = {isa = PBXBuildFile; fileRef = 594E46B427D367FA00602BE4 /* TestResultCell.xib */; };
		594E46BD27D367FA00602BE4 /* ResultCell.swift in Sources */ = {isa = PBXBuildFile; fileRef = 594E46B527D367FA00602BE4 /* ResultCell.swift */; };
		594E46BE27D367FA00602BE4 /* SkipTestCell.xib in Resources */ = {isa = PBXBuildFile; fileRef = 594E46B627D367FA00602BE4 /* SkipTestCell.xib */; };
		594E46BF27D367FA00602BE4 /* TestResultTitleCell.swift in Sources */ = {isa = PBXBuildFile; fileRef = 594E46B727D367FA00602BE4 /* TestResultTitleCell.swift */; };
		594E46C327D3684F00602BE4 /* InstaCash.storyboard in Resources */ = {isa = PBXBuildFile; fileRef = 594E46C127D3684F00602BE4 /* InstaCash.storyboard */; };
		594E46D627D36B7E00602BE4 /* Localizable.strings in Resources */ = {isa = PBXBuildFile; fileRef = 594E46D827D36B7E00602BE4 /* Localizable.strings */; };
		594E46EE27D36E1E00602BE4 /* VolumeButtonVC.swift in Sources */ = {isa = PBXBuildFile; fileRef = 594E46DE27D36E1B00602BE4 /* VolumeButtonVC.swift */; };
		594E46EF27D36E1E00602BE4 /* SpeakerVC.swift in Sources */ = {isa = PBXBuildFile; fileRef = 594E46DF27D36E1B00602BE4 /* SpeakerVC.swift */; };
		594E46F027D36E1E00602BE4 /* CameraVC.swift in Sources */ = {isa = PBXBuildFile; fileRef = 594E46E027D36E1B00602BE4 /* CameraVC.swift */; };
		594E46F127D36E1E00602BE4 /* VibratorVC.swift in Sources */ = {isa = PBXBuildFile; fileRef = 594E46E127D36E1B00602BE4 /* VibratorVC.swift */; };
		594E46F227D36E1E00602BE4 /* AutoRotationVC.swift in Sources */ = {isa = PBXBuildFile; fileRef = 594E46E227D36E1C00602BE4 /* AutoRotationVC.swift */; };
		594E46F327D36E1E00602BE4 /* ProximityVC.swift in Sources */ = {isa = PBXBuildFile; fileRef = 594E46E327D36E1C00602BE4 /* ProximityVC.swift */; };
		594E46F427D36E1E00602BE4 /* ChargerVC.swift in Sources */ = {isa = PBXBuildFile; fileRef = 594E46E427D36E1C00602BE4 /* ChargerVC.swift */; };
		594E46F527D36E1E00602BE4 /* ScreenCalibrationVC.swift in Sources */ = {isa = PBXBuildFile; fileRef = 594E46E527D36E1C00602BE4 /* ScreenCalibrationVC.swift */; };
		594E46F627D36E1E00602BE4 /* MicroPhoneVC.swift in Sources */ = {isa = PBXBuildFile; fileRef = 594E46E627D36E1C00602BE4 /* MicroPhoneVC.swift */; };
		594E46F727D36E1E00602BE4 /* WiFiVC.swift in Sources */ = {isa = PBXBuildFile; fileRef = 594E46E727D36E1D00602BE4 /* WiFiVC.swift */; };
		594E46F827D36E1E00602BE4 /* DiagnosticTestResultVC.swift in Sources */ = {isa = PBXBuildFile; fileRef = 594E46E827D36E1D00602BE4 /* DiagnosticTestResultVC.swift */; };
		594E46F927D36E1E00602BE4 /* BackgroundTestsVC.swift in Sources */ = {isa = PBXBuildFile; fileRef = 594E46E927D36E1D00602BE4 /* BackgroundTestsVC.swift */; };
		594E46FA27D36E1E00602BE4 /* BiometricVC.swift in Sources */ = {isa = PBXBuildFile; fileRef = 594E46EA27D36E1D00602BE4 /* BiometricVC.swift */; };
		594E46FB27D36E1E00602BE4 /* EarphoneVC.swift in Sources */ = {isa = PBXBuildFile; fileRef = 594E46EB27D36E1D00602BE4 /* EarphoneVC.swift */; };
		594E46FC27D36E1E00602BE4 /* FlashLightVC.swift in Sources */ = {isa = PBXBuildFile; fileRef = 594E46EC27D36E1E00602BE4 /* FlashLightVC.swift */; };
		594E46FD27D36E1E00602BE4 /* DeadPixelsVC.swift in Sources */ = {isa = PBXBuildFile; fileRef = 594E46ED27D36E1E00602BE4 /* DeadPixelsVC.swift */; };
		594E470327D36EAC00602BE4 /* WalkThroughVC.swift in Sources */ = {isa = PBXBuildFile; fileRef = 594E470127D36EAB00602BE4 /* WalkThroughVC.swift */; };
		594E470427D36EAC00602BE4 /* WalkThroughEndVC.swift in Sources */ = {isa = PBXBuildFile; fileRef = 594E470227D36EAC00602BE4 /* WalkThroughEndVC.swift */; };
		594E470627D36EB400602BE4 /* CosmeticQuestionsVC1.swift in Sources */ = {isa = PBXBuildFile; fileRef = 594E470527D36EB300602BE4 /* CosmeticQuestionsVC1.swift */; };
		61517EFF7AAC3B98C6D58E0B /* Pods_SmartExchange___Store_Trade_in_SmartExchange___Store_Trade_inUITests.framework in Frameworks */ = {isa = PBXBuildFile; fileRef = E857705C5F29DE574E64D437 /* Pods_SmartExchange___Store_Trade_in_SmartExchange___Store_Trade_inUITests.framework */; };
		F489A123B5DCAADF49F56808 /* Pods_SmartExchange___Store_Trade_inTests.framework in Frameworks */ = {isa = PBXBuildFile; fileRef = CCA5DF4A086B87160B8D47CA /* Pods_SmartExchange___Store_Trade_inTests.framework */; };
/* End PBXBuildFile section */

/* Begin PBXContainerItemProxy section */
		594E45F227D350F500602BE4 /* PBXContainerItemProxy */ = {
			isa = PBXContainerItemProxy;
			containerPortal = 594E45D327D350F100602BE4 /* Project object */;
			proxyType = 1;
			remoteGlobalIDString = 594E45DA27D350F100602BE4;
			remoteInfo = "SmartExchange - Store Trade-in";
		};
		594E45FC27D350F500602BE4 /* PBXContainerItemProxy */ = {
			isa = PBXContainerItemProxy;
			containerPortal = 594E45D327D350F100602BE4 /* Project object */;
			proxyType = 1;
			remoteGlobalIDString = 594E45DA27D350F100602BE4;
			remoteInfo = "SmartExchange - Store Trade-in";
		};
/* End PBXContainerItemProxy section */

/* Begin PBXFileReference section */
		16CA192C40C1753F5B07E4F5 /* Pods-SmartExchange - Store Trade-in-SmartExchange - Store Trade-inUITests.debug.xcconfig */ = {isa = PBXFileReference; includeInIndex = 1; lastKnownFileType = text.xcconfig; name = "Pods-SmartExchange - Store Trade-in-SmartExchange - Store Trade-inUITests.debug.xcconfig"; path = "Target Support Files/Pods-SmartExchange - Store Trade-in-SmartExchange - Store Trade-inUITests/Pods-SmartExchange - Store Trade-in-SmartExchange - Store Trade-inUITests.debug.xcconfig"; sourceTree = "<group>"; };
		594E45DB27D350F100602BE4 /* SmartExchange - Store Trade-in.app */ = {isa = PBXFileReference; explicitFileType = wrapper.application; includeInIndex = 0; path = "SmartExchange - Store Trade-in.app"; sourceTree = BUILT_PRODUCTS_DIR; };
		594E45DE27D350F100602BE4 /* AppDelegate.swift */ = {isa = PBXFileReference; lastKnownFileType = sourcecode.swift; path = AppDelegate.swift; sourceTree = "<group>"; };
		594E45E027D350F100602BE4 /* SceneDelegate.swift */ = {isa = PBXFileReference; lastKnownFileType = sourcecode.swift; path = SceneDelegate.swift; sourceTree = "<group>"; };
		594E45E527D350F100602BE4 /* Base */ = {isa = PBXFileReference; lastKnownFileType = file.storyboard; name = Base; path = Base.lproj/Main.storyboard; sourceTree = "<group>"; };
		594E45E727D350F500602BE4 /* Assets.xcassets */ = {isa = PBXFileReference; lastKnownFileType = folder.assetcatalog; path = Assets.xcassets; sourceTree = "<group>"; };
		594E45EA27D350F500602BE4 /* Base */ = {isa = PBXFileReference; lastKnownFileType = file.storyboard; name = Base; path = Base.lproj/LaunchScreen.storyboard; sourceTree = "<group>"; };
		594E45EC27D350F500602BE4 /* Info.plist */ = {isa = PBXFileReference; lastKnownFileType = text.plist.xml; path = Info.plist; sourceTree = "<group>"; };
		594E45F127D350F500602BE4 /* SmartExchange - Store Trade-inTests.xctest */ = {isa = PBXFileReference; explicitFileType = wrapper.cfbundle; includeInIndex = 0; path = "SmartExchange - Store Trade-inTests.xctest"; sourceTree = BUILT_PRODUCTS_DIR; };
		594E45F527D350F500602BE4 /* SmartExchange___Store_Trade_inTests.swift */ = {isa = PBXFileReference; lastKnownFileType = sourcecode.swift; path = "SmartExchange___Store_Trade_inTests.swift"; sourceTree = "<group>"; };
		594E45FB27D350F500602BE4 /* SmartExchange - Store Trade-inUITests.xctest */ = {isa = PBXFileReference; explicitFileType = wrapper.cfbundle; includeInIndex = 0; path = "SmartExchange - Store Trade-inUITests.xctest"; sourceTree = BUILT_PRODUCTS_DIR; };
		594E45FF27D350F500602BE4 /* SmartExchange___Store_Trade_inUITests.swift */ = {isa = PBXFileReference; lastKnownFileType = sourcecode.swift; path = "SmartExchange___Store_Trade_inUITests.swift"; sourceTree = "<group>"; };
		594E460127D350F500602BE4 /* SmartExchange___Store_Trade_inUITestsLaunchTests.swift */ = {isa = PBXFileReference; lastKnownFileType = sourcecode.swift; path = "SmartExchange___Store_Trade_inUITestsLaunchTests.swift"; sourceTree = "<group>"; };
		594E460E27D3516800602BE4 /* SmartExchange - Store Trade-in.entitlements */ = {isa = PBXFileReference; lastKnownFileType = text.plist.entitlements; path = "SmartExchange - Store Trade-in.entitlements"; sourceTree = "<group>"; };
		594E461127D3555C00602BE4 /* ViewController-Extension.swift */ = {isa = PBXFileReference; fileEncoding = 4; lastKnownFileType = sourcecode.swift; path = "ViewController-Extension.swift"; sourceTree = "<group>"; };
		594E461227D3555C00602BE4 /* DeviceModel.swift */ = {isa = PBXFileReference; fileEncoding = 4; lastKnownFileType = sourcecode.swift; path = DeviceModel.swift; sourceTree = "<group>"; };
		594E461327D3555C00602BE4 /* AppConstant.swift */ = {isa = PBXFileReference; fileEncoding = 4; lastKnownFileType = sourcecode.swift; path = AppConstant.swift; sourceTree = "<group>"; };
		594E461427D3555C00602BE4 /* PaddingLabel.swift */ = {isa = PBXFileReference; fileEncoding = 4; lastKnownFileType = sourcecode.swift; path = PaddingLabel.swift; sourceTree = "<group>"; };
		594E461527D3555C00602BE4 /* AllExtensions.swift */ = {isa = PBXFileReference; fileEncoding = 4; lastKnownFileType = sourcecode.swift; path = AllExtensions.swift; sourceTree = "<group>"; };
		594E461C27D355CF00602BE4 /* EndGameVC.swift */ = {isa = PBXFileReference; fileEncoding = 4; lastKnownFileType = sourcecode.swift; path = EndGameVC.swift; sourceTree = "<group>"; };
		594E461D27D355CF00602BE4 /* StoreTokenVC.swift */ = {isa = PBXFileReference; fileEncoding = 4; lastKnownFileType = sourcecode.swift; path = StoreTokenVC.swift; sourceTree = "<group>"; };
		594E461E27D355CF00602BE4 /* HomeVC.swift */ = {isa = PBXFileReference; fileEncoding = 4; lastKnownFileType = sourcecode.swift; path = HomeVC.swift; sourceTree = "<group>"; };
		594E461F27D355CF00602BE4 /* UserDetailVC.swift */ = {isa = PBXFileReference; fileEncoding = 4; lastKnownFileType = sourcecode.swift; path = UserDetailVC.swift; sourceTree = "<group>"; };
		594E462227D355D000602BE4 /* PreviousQuoteVC.swift */ = {isa = PBXFileReference; fileEncoding = 4; lastKnownFileType = sourcecode.swift; path = PreviousQuoteVC.swift; sourceTree = "<group>"; };
		594E462327D355D000602BE4 /* QuoteDetailVC.swift */ = {isa = PBXFileReference; fileEncoding = 4; lastKnownFileType = sourcecode.swift; path = QuoteDetailVC.swift; sourceTree = "<group>"; };
		594E462427D355D000602BE4 /* ImeiVC.swift */ = {isa = PBXFileReference; fileEncoding = 4; lastKnownFileType = sourcecode.swift; path = ImeiVC.swift; sourceTree = "<group>"; };
		594E462527D355D000602BE4 /* EntryNavigationVC.swift */ = {isa = PBXFileReference; fileEncoding = 4; lastKnownFileType = sourcecode.swift; path = EntryNavigationVC.swift; sourceTree = "<group>"; };
		594E462627D355D000602BE4 /* FinalQuoteVC.swift */ = {isa = PBXFileReference; fileEncoding = 4; lastKnownFileType = sourcecode.swift; path = FinalQuoteVC.swift; sourceTree = "<group>"; };
		594E462827D355D000602BE4 /* TradeInFormVC.swift */ = {isa = PBXFileReference; fileEncoding = 4; lastKnownFileType = sourcecode.swift; path = TradeInFormVC.swift; sourceTree = "<group>"; };
		594E463727D3572800602BE4 /* CountryCVCell.swift */ = {isa = PBXFileReference; fileEncoding = 4; lastKnownFileType = sourcecode.swift; path = CountryCVCell.swift; sourceTree = "<group>"; };
		594E463827D3572800602BE4 /* CountryLanguageCVCell.swift */ = {isa = PBXFileReference; fileEncoding = 4; lastKnownFileType = sourcecode.swift; path = CountryLanguageCVCell.swift; sourceTree = "<group>"; };
		594E463927D3572800602BE4 /* CountryLanguageCVCell.xib */ = {isa = PBXFileReference; fileEncoding = 4; lastKnownFileType = file.xib; path = CountryLanguageCVCell.xib; sourceTree = "<group>"; };
		594E463A27D3572800602BE4 /* CountryCVCell.xib */ = {isa = PBXFileReference; fileEncoding = 4; lastKnownFileType = file.xib; path = CountryCVCell.xib; sourceTree = "<group>"; };
		594E464027D3576200602BE4 /* Roboto-Light.ttf */ = {isa = PBXFileReference; lastKnownFileType = file; path = "Roboto-Light.ttf"; sourceTree = "<group>"; };
		594E464127D3576200602BE4 /* Roboto-BoldItalic.ttf */ = {isa = PBXFileReference; lastKnownFileType = file; path = "Roboto-BoldItalic.ttf"; sourceTree = "<group>"; };
		594E464227D3576200602BE4 /* Roboto-Bold.ttf */ = {isa = PBXFileReference; lastKnownFileType = file; path = "Roboto-Bold.ttf"; sourceTree = "<group>"; };
		594E464327D3576200602BE4 /* Roboto-LightItalic.ttf */ = {isa = PBXFileReference; lastKnownFileType = file; path = "Roboto-LightItalic.ttf"; sourceTree = "<group>"; };
		594E464427D3576200602BE4 /* Roboto-Medium.ttf */ = {isa = PBXFileReference; lastKnownFileType = file; path = "Roboto-Medium.ttf"; sourceTree = "<group>"; };
		594E464527D3576200602BE4 /* Roboto-MediumItalic.ttf */ = {isa = PBXFileReference; lastKnownFileType = file; path = "Roboto-MediumItalic.ttf"; sourceTree = "<group>"; };
		594E464627D3576200602BE4 /* Roboto-Black.ttf */ = {isa = PBXFileReference; lastKnownFileType = file; path = "Roboto-Black.ttf"; sourceTree = "<group>"; };
		594E464727D3576200602BE4 /* Roboto-Thin.ttf */ = {isa = PBXFileReference; lastKnownFileType = file; path = "Roboto-Thin.ttf"; sourceTree = "<group>"; };
		594E464827D3576300602BE4 /* Roboto-ThinItalic.ttf */ = {isa = PBXFileReference; lastKnownFileType = file; path = "Roboto-ThinItalic.ttf"; sourceTree = "<group>"; };
		594E464927D3576300602BE4 /* Roboto-BlackItalic.ttf */ = {isa = PBXFileReference; lastKnownFileType = file; path = "Roboto-BlackItalic.ttf"; sourceTree = "<group>"; };
		594E464A27D3576300602BE4 /* Roboto-Italic.ttf */ = {isa = PBXFileReference; lastKnownFileType = file; path = "Roboto-Italic.ttf"; sourceTree = "<group>"; };
		594E464B27D3576300602BE4 /* Roboto-Regular.ttf */ = {isa = PBXFileReference; lastKnownFileType = file; path = "Roboto-Regular.ttf"; sourceTree = "<group>"; };
		594E465927D357A300602BE4 /* SelectTextCell.swift */ = {isa = PBXFileReference; fileEncoding = 4; lastKnownFileType = sourcecode.swift; path = SelectTextCell.swift; sourceTree = "<group>"; };
		594E465A27D357A300602BE4 /* TextBoxCell.swift */ = {isa = PBXFileReference; fileEncoding = 4; lastKnownFileType = sourcecode.swift; path = TextBoxCell.swift; sourceTree = "<group>"; };
		594E465B27D357A300602BE4 /* MobileNumberCell.swift */ = {isa = PBXFileReference; fileEncoding = 4; lastKnownFileType = sourcecode.swift; path = MobileNumberCell.swift; sourceTree = "<group>"; };
		594E465C27D357A300602BE4 /* HtmlCell.swift */ = {isa = PBXFileReference; fileEncoding = 4; lastKnownFileType = sourcecode.swift; path = HtmlCell.swift; sourceTree = "<group>"; };
		594E466227D357D600602BE4 /* earphone_jack.gif */ = {isa = PBXFileReference; lastKnownFileType = image.gif; path = earphone_jack.gif; sourceTree = "<group>"; };
		594E466327D357D600602BE4 /* speech.gif */ = {isa = PBXFileReference; lastKnownFileType = image.gif; path = speech.gif; sourceTree = "<group>"; };
		594E466427D357D600602BE4 /* final_touch.gif */ = {isa = PBXFileReference; lastKnownFileType = image.gif; path = final_touch.gif; sourceTree = "<group>"; };
		594E466527D357D600602BE4 /* charging.gif */ = {isa = PBXFileReference; lastKnownFileType = image.gif; path = charging.gif; sourceTree = "<group>"; };
		594E466627D357D600602BE4 /* proximity.gif */ = {isa = PBXFileReference; lastKnownFileType = image.gif; path = proximity.gif; sourceTree = "<group>"; };
		594E466727D357D600602BE4 /* internal.gif */ = {isa = PBXFileReference; lastKnownFileType = image.gif; path = internal.gif; sourceTree = "<group>"; };
		594E466827D357D600602BE4 /* rotation.gif */ = {isa = PBXFileReference; lastKnownFileType = image.gif; path = rotation.gif; sourceTree = "<group>"; };
		594E467127D3665300602BE4 /* Recording.swift */ = {isa = PBXFileReference; fileEncoding = 4; lastKnownFileType = sourcecode.swift; path = Recording.swift; sourceTree = "<group>"; };
		594E467227D3665300602BE4 /* UIDropDown.swift */ = {isa = PBXFileReference; fileEncoding = 4; lastKnownFileType = sourcecode.swift; path = UIDropDown.swift; sourceTree = "<group>"; };
		594E467327D3665300602BE4 /* Reachability.swift */ = {isa = PBXFileReference; fileEncoding = 4; lastKnownFileType = sourcecode.swift; path = Reachability.swift; sourceTree = "<group>"; };
		594E467827D3668600602BE4 /* SmartExchange - Store Trade-in-Bridging-Header.h */ = {isa = PBXFileReference; lastKnownFileType = sourcecode.c.h; path = "SmartExchange - Store Trade-in-Bridging-Header.h"; sourceTree = "<group>"; };
		594E467927D3668700602BE4 /* TPKeyboardAvoidingTableView.h */ = {isa = PBXFileReference; fileEncoding = 4; lastKnownFileType = sourcecode.c.h; path = TPKeyboardAvoidingTableView.h; sourceTree = "<group>"; };
		594E467A27D3668700602BE4 /* TPKeyboardAvoidingCollectionView.h */ = {isa = PBXFileReference; fileEncoding = 4; lastKnownFileType = sourcecode.c.h; path = TPKeyboardAvoidingCollectionView.h; sourceTree = "<group>"; };
		594E467B27D3668700602BE4 /* TPKeyboardAvoidingScrollView.m */ = {isa = PBXFileReference; fileEncoding = 4; lastKnownFileType = sourcecode.c.objc; path = TPKeyboardAvoidingScrollView.m; sourceTree = "<group>"; };
		594E467C27D3668700602BE4 /* UIScrollView+TPKeyboardAvoidingAdditions.h */ = {isa = PBXFileReference; fileEncoding = 4; lastKnownFileType = sourcecode.c.h; path = "UIScrollView+TPKeyboardAvoidingAdditions.h"; sourceTree = "<group>"; };
		594E467D27D3668700602BE4 /* TPKeyboardAvoidingCollectionView.m */ = {isa = PBXFileReference; fileEncoding = 4; lastKnownFileType = sourcecode.c.objc; path = TPKeyboardAvoidingCollectionView.m; sourceTree = "<group>"; };
		594E467E27D3668700602BE4 /* UIScrollView+TPKeyboardAvoidingAdditions.m */ = {isa = PBXFileReference; fileEncoding = 4; lastKnownFileType = sourcecode.c.objc; path = "UIScrollView+TPKeyboardAvoidingAdditions.m"; sourceTree = "<group>"; };
		594E467F27D3668700602BE4 /* TPKeyboardAvoidingTableView.m */ = {isa = PBXFileReference; fileEncoding = 4; lastKnownFileType = sourcecode.c.objc; path = TPKeyboardAvoidingTableView.m; sourceTree = "<group>"; };
		594E468027D3668700602BE4 /* TPKeyboardAvoidingScrollView.h */ = {isa = PBXFileReference; fileEncoding = 4; lastKnownFileType = sourcecode.c.h; path = TPKeyboardAvoidingScrollView.h; sourceTree = "<group>"; };
		594E468627D366DF00602BE4 /* GoogleService-Info.plist */ = {isa = PBXFileReference; fileEncoding = 4; lastKnownFileType = text.plist.xml; path = "GoogleService-Info.plist"; sourceTree = "<group>"; };
		594E468827D3671800602BE4 /* Questions.swift */ = {isa = PBXFileReference; fileEncoding = 4; lastKnownFileType = sourcecode.swift; path = Questions.swift; sourceTree = "<group>"; };
		594E468927D3671800602BE4 /* Msg.swift */ = {isa = PBXFileReference; fileEncoding = 4; lastKnownFileType = sourcecode.swift; path = Msg.swift; sourceTree = "<group>"; };
		594E468A27D3671800602BE4 /* ConditionValue.swift */ = {isa = PBXFileReference; fileEncoding = 4; lastKnownFileType = sourcecode.swift; path = ConditionValue.swift; sourceTree = "<group>"; };
		594E468B27D3671800602BE4 /* SpecificationValue.swift */ = {isa = PBXFileReference; fileEncoding = 4; lastKnownFileType = sourcecode.swift; path = SpecificationValue.swift; sourceTree = "<group>"; };
		594E468C27D3671800602BE4 /* CosmeticQuestions.swift */ = {isa = PBXFileReference; fileEncoding = 4; lastKnownFileType = sourcecode.swift; path = CosmeticQuestions.swift; sourceTree = "<group>"; };
		594E469327D3674C00602BE4 /* StoreUrlData.swift */ = {isa = PBXFileReference; fileEncoding = 4; lastKnownFileType = sourcecode.swift; path = StoreUrlData.swift; sourceTree = "<group>"; };
		594E469427D3674C00602BE4 /* CountryLanguages.swift */ = {isa = PBXFileReference; fileEncoding = 4; lastKnownFileType = sourcecode.swift; path = CountryLanguages.swift; sourceTree = "<group>"; };
		594E469927D367A100602BE4 /* four.wav */ = {isa = PBXFileReference; lastKnownFileType = audio.wav; path = four.wav; sourceTree = "<group>"; };
		594E469A27D367A100602BE4 /* five.wav */ = {isa = PBXFileReference; lastKnownFileType = audio.wav; path = five.wav; sourceTree = "<group>"; };
		594E469B27D367A100602BE4 /* whistle.mp3 */ = {isa = PBXFileReference; lastKnownFileType = audio.mp3; path = whistle.mp3; sourceTree = "<group>"; };
		594E469C27D367A100602BE4 /* seven.wav */ = {isa = PBXFileReference; lastKnownFileType = audio.wav; path = seven.wav; sourceTree = "<group>"; };
		594E469D27D367A100602BE4 /* nine.wav */ = {isa = PBXFileReference; lastKnownFileType = audio.wav; path = nine.wav; sourceTree = "<group>"; };
		594E469E27D367A200602BE4 /* one.wav */ = {isa = PBXFileReference; lastKnownFileType = audio.wav; path = one.wav; sourceTree = "<group>"; };
		594E469F27D367A200602BE4 /* six.wav */ = {isa = PBXFileReference; lastKnownFileType = audio.wav; path = six.wav; sourceTree = "<group>"; };
		594E46A027D367A200602BE4 /* eight.wav */ = {isa = PBXFileReference; lastKnownFileType = audio.wav; path = eight.wav; sourceTree = "<group>"; };
		594E46A127D367A200602BE4 /* three.wav */ = {isa = PBXFileReference; lastKnownFileType = audio.wav; path = three.wav; sourceTree = "<group>"; };
		594E46A227D367A200602BE4 /* two.wav */ = {isa = PBXFileReference; lastKnownFileType = audio.wav; path = two.wav; sourceTree = "<group>"; };
		594E46A327D367A200602BE4 /* zero.wav */ = {isa = PBXFileReference; lastKnownFileType = audio.wav; path = zero.wav; sourceTree = "<group>"; };
		594E46B027D367F900602BE4 /* TestResultTitleCell.xib */ = {isa = PBXFileReference; fileEncoding = 4; lastKnownFileType = file.xib; path = TestResultTitleCell.xib; sourceTree = "<group>"; };
		594E46B127D367F900602BE4 /* SkipTestCell.swift */ = {isa = PBXFileReference; fileEncoding = 4; lastKnownFileType = sourcecode.swift; path = SkipTestCell.swift; sourceTree = "<group>"; };
		594E46B227D367F900602BE4 /* TestResultCell.swift */ = {isa = PBXFileReference; fileEncoding = 4; lastKnownFileType = sourcecode.swift; path = TestResultCell.swift; sourceTree = "<group>"; };
		594E46B327D367FA00602BE4 /* ResultCell.xib */ = {isa = PBXFileReference; fileEncoding = 4; lastKnownFileType = file.xib; path = ResultCell.xib; sourceTree = "<group>"; };
		594E46B427D367FA00602BE4 /* TestResultCell.xib */ = {isa = PBXFileReference; fileEncoding = 4; lastKnownFileType = file.xib; path = TestResultCell.xib; sourceTree = "<group>"; };
		594E46B527D367FA00602BE4 /* ResultCell.swift */ = {isa = PBXFileReference; fileEncoding = 4; lastKnownFileType = sourcecode.swift; path = ResultCell.swift; sourceTree = "<group>"; };
		594E46B627D367FA00602BE4 /* SkipTestCell.xib */ = {isa = PBXFileReference; fileEncoding = 4; lastKnownFileType = file.xib; path = SkipTestCell.xib; sourceTree = "<group>"; };
		594E46B727D367FA00602BE4 /* TestResultTitleCell.swift */ = {isa = PBXFileReference; fileEncoding = 4; lastKnownFileType = sourcecode.swift; path = TestResultTitleCell.swift; sourceTree = "<group>"; };
		594E46C227D3684F00602BE4 /* Base */ = {isa = PBXFileReference; lastKnownFileType = file.storyboard; name = Base; path = Base.lproj/InstaCash.storyboard; sourceTree = "<group>"; };
		594E46C727D368C800602BE4 /* vi */ = {isa = PBXFileReference; lastKnownFileType = text.plist.strings; name = vi; path = vi.lproj/Main.strings; sourceTree = "<group>"; };
		594E46C827D368CB00602BE4 /* vi */ = {isa = PBXFileReference; lastKnownFileType = text.plist.strings; name = vi; path = vi.lproj/InstaCash.strings; sourceTree = "<group>"; };
		594E46C927D368CC00602BE4 /* vi */ = {isa = PBXFileReference; lastKnownFileType = text.plist.strings; name = vi; path = vi.lproj/LaunchScreen.strings; sourceTree = "<group>"; };
		594E46CA27D368DE00602BE4 /* th */ = {isa = PBXFileReference; lastKnownFileType = text.plist.strings; name = th; path = th.lproj/Main.strings; sourceTree = "<group>"; };
		594E46CB27D3690D00602BE4 /* th */ = {isa = PBXFileReference; lastKnownFileType = text.plist.strings; name = th; path = th.lproj/InstaCash.strings; sourceTree = "<group>"; };
		594E46CC27D3690E00602BE4 /* th */ = {isa = PBXFileReference; lastKnownFileType = text.plist.strings; name = th; path = th.lproj/LaunchScreen.strings; sourceTree = "<group>"; };
		594E46CD27D3692200602BE4 /* id */ = {isa = PBXFileReference; lastKnownFileType = text.plist.strings; name = id; path = id.lproj/Main.strings; sourceTree = "<group>"; };
		594E46CE27D3692400602BE4 /* id */ = {isa = PBXFileReference; lastKnownFileType = text.plist.strings; name = id; path = id.lproj/InstaCash.strings; sourceTree = "<group>"; };
		594E46CF27D3695200602BE4 /* id */ = {isa = PBXFileReference; lastKnownFileType = text.plist.strings; name = id; path = id.lproj/LaunchScreen.strings; sourceTree = "<group>"; };
		594E46D027D3696F00602BE4 /* zh-Hans */ = {isa = PBXFileReference; lastKnownFileType = text.plist.strings; name = "zh-Hans"; path = "zh-Hans.lproj/Main.strings"; sourceTree = "<group>"; };
		594E46D127D3699D00602BE4 /* zh-Hans */ = {isa = PBXFileReference; lastKnownFileType = text.plist.strings; name = "zh-Hans"; path = "zh-Hans.lproj/InstaCash.strings"; sourceTree = "<group>"; };
		594E46D227D3699E00602BE4 /* zh-Hans */ = {isa = PBXFileReference; lastKnownFileType = text.plist.strings; name = "zh-Hans"; path = "zh-Hans.lproj/LaunchScreen.strings"; sourceTree = "<group>"; };
		594E46D327D369B900602BE4 /* zh-Hant */ = {isa = PBXFileReference; lastKnownFileType = text.plist.strings; name = "zh-Hant"; path = "zh-Hant.lproj/Main.strings"; sourceTree = "<group>"; };
		594E46D427D369E600602BE4 /* zh-Hant */ = {isa = PBXFileReference; lastKnownFileType = text.plist.strings; name = "zh-Hant"; path = "zh-Hant.lproj/InstaCash.strings"; sourceTree = "<group>"; };
		594E46D527D369E700602BE4 /* zh-Hant */ = {isa = PBXFileReference; lastKnownFileType = text.plist.strings; name = "zh-Hant"; path = "zh-Hant.lproj/LaunchScreen.strings"; sourceTree = "<group>"; };
		594E46D727D36B7E00602BE4 /* en */ = {isa = PBXFileReference; lastKnownFileType = text.plist.strings; name = en; path = en.lproj/Localizable.strings; sourceTree = "<group>"; };
		594E46D927D36B8800602BE4 /* zh-Hans */ = {isa = PBXFileReference; lastKnownFileType = text.plist.strings; name = "zh-Hans"; path = "zh-Hans.lproj/Localizable.strings"; sourceTree = "<group>"; };
		594E46DA27D36B8C00602BE4 /* zh-Hant */ = {isa = PBXFileReference; lastKnownFileType = text.plist.strings; name = "zh-Hant"; path = "zh-Hant.lproj/Localizable.strings"; sourceTree = "<group>"; };
		594E46DB27D36B8E00602BE4 /* th */ = {isa = PBXFileReference; lastKnownFileType = text.plist.strings; name = th; path = th.lproj/Localizable.strings; sourceTree = "<group>"; };
		594E46DC27D36B9200602BE4 /* id */ = {isa = PBXFileReference; lastKnownFileType = text.plist.strings; name = id; path = id.lproj/Localizable.strings; sourceTree = "<group>"; };
		594E46DD27D36B9400602BE4 /* vi */ = {isa = PBXFileReference; lastKnownFileType = text.plist.strings; name = vi; path = vi.lproj/Localizable.strings; sourceTree = "<group>"; };
		594E46DE27D36E1B00602BE4 /* VolumeButtonVC.swift */ = {isa = PBXFileReference; fileEncoding = 4; lastKnownFileType = sourcecode.swift; name = VolumeButtonVC.swift; path = ../DiagnosticSDK/VolumeButtonVC.swift; sourceTree = "<group>"; };
		594E46DF27D36E1B00602BE4 /* SpeakerVC.swift */ = {isa = PBXFileReference; fileEncoding = 4; lastKnownFileType = sourcecode.swift; name = SpeakerVC.swift; path = ../DiagnosticSDK/SpeakerVC.swift; sourceTree = "<group>"; };
		594E46E027D36E1B00602BE4 /* CameraVC.swift */ = {isa = PBXFileReference; fileEncoding = 4; lastKnownFileType = sourcecode.swift; name = CameraVC.swift; path = ../DiagnosticSDK/CameraVC.swift; sourceTree = "<group>"; };
		594E46E127D36E1B00602BE4 /* VibratorVC.swift */ = {isa = PBXFileReference; fileEncoding = 4; lastKnownFileType = sourcecode.swift; name = VibratorVC.swift; path = ../DiagnosticSDK/VibratorVC.swift; sourceTree = "<group>"; };
		594E46E227D36E1C00602BE4 /* AutoRotationVC.swift */ = {isa = PBXFileReference; fileEncoding = 4; lastKnownFileType = sourcecode.swift; name = AutoRotationVC.swift; path = ../DiagnosticSDK/AutoRotationVC.swift; sourceTree = "<group>"; };
		594E46E327D36E1C00602BE4 /* ProximityVC.swift */ = {isa = PBXFileReference; fileEncoding = 4; lastKnownFileType = sourcecode.swift; name = ProximityVC.swift; path = ../DiagnosticSDK/ProximityVC.swift; sourceTree = "<group>"; };
		594E46E427D36E1C00602BE4 /* ChargerVC.swift */ = {isa = PBXFileReference; fileEncoding = 4; lastKnownFileType = sourcecode.swift; name = ChargerVC.swift; path = ../DiagnosticSDK/ChargerVC.swift; sourceTree = "<group>"; };
		594E46E527D36E1C00602BE4 /* ScreenCalibrationVC.swift */ = {isa = PBXFileReference; fileEncoding = 4; lastKnownFileType = sourcecode.swift; name = ScreenCalibrationVC.swift; path = ../DiagnosticSDK/ScreenCalibrationVC.swift; sourceTree = "<group>"; };
		594E46E627D36E1C00602BE4 /* MicroPhoneVC.swift */ = {isa = PBXFileReference; fileEncoding = 4; lastKnownFileType = sourcecode.swift; name = MicroPhoneVC.swift; path = ../DiagnosticSDK/MicroPhoneVC.swift; sourceTree = "<group>"; };
		594E46E727D36E1D00602BE4 /* WiFiVC.swift */ = {isa = PBXFileReference; fileEncoding = 4; lastKnownFileType = sourcecode.swift; name = WiFiVC.swift; path = ../DiagnosticSDK/WiFiVC.swift; sourceTree = "<group>"; };
		594E46E827D36E1D00602BE4 /* DiagnosticTestResultVC.swift */ = {isa = PBXFileReference; fileEncoding = 4; lastKnownFileType = sourcecode.swift; name = DiagnosticTestResultVC.swift; path = ../DiagnosticSDK/DiagnosticTestResultVC.swift; sourceTree = "<group>"; };
		594E46E927D36E1D00602BE4 /* BackgroundTestsVC.swift */ = {isa = PBXFileReference; fileEncoding = 4; lastKnownFileType = sourcecode.swift; name = BackgroundTestsVC.swift; path = ../DiagnosticSDK/BackgroundTestsVC.swift; sourceTree = "<group>"; };
		594E46EA27D36E1D00602BE4 /* BiometricVC.swift */ = {isa = PBXFileReference; fileEncoding = 4; lastKnownFileType = sourcecode.swift; name = BiometricVC.swift; path = ../DiagnosticSDK/BiometricVC.swift; sourceTree = "<group>"; };
		594E46EB27D36E1D00602BE4 /* EarphoneVC.swift */ = {isa = PBXFileReference; fileEncoding = 4; lastKnownFileType = sourcecode.swift; name = EarphoneVC.swift; path = ../DiagnosticSDK/EarphoneVC.swift; sourceTree = "<group>"; };
		594E46EC27D36E1E00602BE4 /* FlashLightVC.swift */ = {isa = PBXFileReference; fileEncoding = 4; lastKnownFileType = sourcecode.swift; name = FlashLightVC.swift; path = ../DiagnosticSDK/FlashLightVC.swift; sourceTree = "<group>"; };
		594E46ED27D36E1E00602BE4 /* DeadPixelsVC.swift */ = {isa = PBXFileReference; fileEncoding = 4; lastKnownFileType = sourcecode.swift; name = DeadPixelsVC.swift; path = ../DiagnosticSDK/DeadPixelsVC.swift; sourceTree = "<group>"; };
		594E470127D36EAB00602BE4 /* WalkThroughVC.swift */ = {isa = PBXFileReference; fileEncoding = 4; lastKnownFileType = sourcecode.swift; path = WalkThroughVC.swift; sourceTree = "<group>"; };
		594E470227D36EAC00602BE4 /* WalkThroughEndVC.swift */ = {isa = PBXFileReference; fileEncoding = 4; lastKnownFileType = sourcecode.swift; path = WalkThroughEndVC.swift; sourceTree = "<group>"; };
		594E470527D36EB300602BE4 /* CosmeticQuestionsVC1.swift */ = {isa = PBXFileReference; fileEncoding = 4; lastKnownFileType = sourcecode.swift; path = CosmeticQuestionsVC1.swift; sourceTree = "<group>"; };
		6586E9BD30F53F33AEE3DF69 /* Pods_SmartExchange___Store_Trade_in.framework */ = {isa = PBXFileReference; explicitFileType = wrapper.framework; includeInIndex = 0; path = "Pods_SmartExchange___Store_Trade_in.framework"; sourceTree = BUILT_PRODUCTS_DIR; };
		6850A1FD4074C7DD67112950 /* Pods-SmartExchange - Store Trade-inTests.release.xcconfig */ = {isa = PBXFileReference; includeInIndex = 1; lastKnownFileType = text.xcconfig; name = "Pods-SmartExchange - Store Trade-inTests.release.xcconfig"; path = "Target Support Files/Pods-SmartExchange - Store Trade-inTests/Pods-SmartExchange - Store Trade-inTests.release.xcconfig"; sourceTree = "<group>"; };
		6B489BD2A724C705FAE0A758 /* Pods-SmartExchange - Store Trade-inTests.debug.xcconfig */ = {isa = PBXFileReference; includeInIndex = 1; lastKnownFileType = text.xcconfig; name = "Pods-SmartExchange - Store Trade-inTests.debug.xcconfig"; path = "Target Support Files/Pods-SmartExchange - Store Trade-inTests/Pods-SmartExchange - Store Trade-inTests.debug.xcconfig"; sourceTree = "<group>"; };
		90598E6B5B23C64DD199E5B5 /* Pods-SmartExchange - Store Trade-in.debug.xcconfig */ = {isa = PBXFileReference; includeInIndex = 1; lastKnownFileType = text.xcconfig; name = "Pods-SmartExchange - Store Trade-in.debug.xcconfig"; path = "Target Support Files/Pods-SmartExchange - Store Trade-in/Pods-SmartExchange - Store Trade-in.debug.xcconfig"; sourceTree = "<group>"; };
		9DBF8BC8C3946DAC9217BC37 /* Pods-SmartExchange - Store Trade-in-SmartExchange - Store Trade-inUITests.release.xcconfig */ = {isa = PBXFileReference; includeInIndex = 1; lastKnownFileType = text.xcconfig; name = "Pods-SmartExchange - Store Trade-in-SmartExchange - Store Trade-inUITests.release.xcconfig"; path = "Target Support Files/Pods-SmartExchange - Store Trade-in-SmartExchange - Store Trade-inUITests/Pods-SmartExchange - Store Trade-in-SmartExchange - Store Trade-inUITests.release.xcconfig"; sourceTree = "<group>"; };
		CCA5DF4A086B87160B8D47CA /* Pods_SmartExchange___Store_Trade_inTests.framework */ = {isa = PBXFileReference; explicitFileType = wrapper.framework; includeInIndex = 0; path = "Pods_SmartExchange___Store_Trade_inTests.framework"; sourceTree = BUILT_PRODUCTS_DIR; };
		E857705C5F29DE574E64D437 /* Pods_SmartExchange___Store_Trade_in_SmartExchange___Store_Trade_inUITests.framework */ = {isa = PBXFileReference; explicitFileType = wrapper.framework; includeInIndex = 0; path = "Pods_SmartExchange___Store_Trade_in_SmartExchange___Store_Trade_inUITests.framework"; sourceTree = BUILT_PRODUCTS_DIR; };
		F42137F02E83A9B566C27FE0 /* Pods-SmartExchange - Store Trade-in.release.xcconfig */ = {isa = PBXFileReference; includeInIndex = 1; lastKnownFileType = text.xcconfig; name = "Pods-SmartExchange - Store Trade-in.release.xcconfig"; path = "Target Support Files/Pods-SmartExchange - Store Trade-in/Pods-SmartExchange - Store Trade-in.release.xcconfig"; sourceTree = "<group>"; };
/* End PBXFileReference section */

/* Begin PBXFrameworksBuildPhase section */
		594E45D827D350F100602BE4 /* Frameworks */ = {
			isa = PBXFrameworksBuildPhase;
			buildActionMask = 2147483647;
			files = (
				4E29938E93946F34C7003611 /* Pods_SmartExchange___Store_Trade_in.framework in Frameworks */,
			);
			runOnlyForDeploymentPostprocessing = 0;
		};
		594E45EE27D350F500602BE4 /* Frameworks */ = {
			isa = PBXFrameworksBuildPhase;
			buildActionMask = 2147483647;
			files = (
				F489A123B5DCAADF49F56808 /* Pods_SmartExchange___Store_Trade_inTests.framework in Frameworks */,
			);
			runOnlyForDeploymentPostprocessing = 0;
		};
		594E45F827D350F500602BE4 /* Frameworks */ = {
			isa = PBXFrameworksBuildPhase;
			buildActionMask = 2147483647;
			files = (
				61517EFF7AAC3B98C6D58E0B /* Pods_SmartExchange___Store_Trade_in_SmartExchange___Store_Trade_inUITests.framework in Frameworks */,
			);
			runOnlyForDeploymentPostprocessing = 0;
		};
/* End PBXFrameworksBuildPhase section */

/* Begin PBXGroup section */
		3F24A85281B573AE279B9157 /* Pods */ = {
			isa = PBXGroup;
			children = (
				90598E6B5B23C64DD199E5B5 /* Pods-SmartExchange - Store Trade-in.debug.xcconfig */,
				F42137F02E83A9B566C27FE0 /* Pods-SmartExchange - Store Trade-in.release.xcconfig */,
				16CA192C40C1753F5B07E4F5 /* Pods-SmartExchange - Store Trade-in-SmartExchange - Store Trade-inUITests.debug.xcconfig */,
				9DBF8BC8C3946DAC9217BC37 /* Pods-SmartExchange - Store Trade-in-SmartExchange - Store Trade-inUITests.release.xcconfig */,
				6B489BD2A724C705FAE0A758 /* Pods-SmartExchange - Store Trade-inTests.debug.xcconfig */,
				6850A1FD4074C7DD67112950 /* Pods-SmartExchange - Store Trade-inTests.release.xcconfig */,
			);
			path = Pods;
			sourceTree = "<group>";
		};
		594E45D227D350F100602BE4 = {
			isa = PBXGroup;
			children = (
				594E45DD27D350F100602BE4 /* SmartExchange - Store Trade-in */,
				594E45F427D350F500602BE4 /* SmartExchange - Store Trade-inTests */,
				594E45FE27D350F500602BE4 /* SmartExchange - Store Trade-inUITests */,
				594E45DC27D350F100602BE4 /* Products */,
				3F24A85281B573AE279B9157 /* Pods */,
				6DEA608AB5341ABBCD702A10 /* Frameworks */,
			);
			sourceTree = "<group>";
		};
		594E45DC27D350F100602BE4 /* Products */ = {
			isa = PBXGroup;
			children = (
				594E45DB27D350F100602BE4 /* SmartExchange - Store Trade-in.app */,
				594E45F127D350F500602BE4 /* SmartExchange - Store Trade-inTests.xctest */,
				594E45FB27D350F500602BE4 /* SmartExchange - Store Trade-inUITests.xctest */,
			);
			name = Products;
			sourceTree = "<group>";
		};
		594E45DD27D350F100602BE4 /* SmartExchange - Store Trade-in */ = {
			isa = PBXGroup;
			children = (
				594E460E27D3516800602BE4 /* SmartExchange - Store Trade-in.entitlements */,
				594E46AF27D367AB00602BE4 /* Mp3 */,
				594E469827D3677900602BE4 /* Modals */,
				594E467727D3665C00602BE4 /* Global_Helper */,
				594E467027D357E000602BE4 /* Gifs */,
				594E465827D3576C00602BE4 /* Roboto-Font */,
				594E466127D357AD00602BE4 /* FormTableCell */,
				594E463F27D3573400602BE4 /* CollectionViewCell */,
				594E46C027D3680100602BE4 /* TableViewCell */,
				594E463627D355EF00602BE4 /* AppViewControllers */,
				594E461B27D3556600602BE4 /* AppUtility */,
				594E461027D354E400602BE4 /* AppDelegate */,
				594E46C427D3686400602BE4 /* Storyboards */,
				594E45E727D350F500602BE4 /* Assets.xcassets */,
				594E45EC27D350F500602BE4 /* Info.plist */,
				594E468627D366DF00602BE4 /* GoogleService-Info.plist */,
				594E467827D3668600602BE4 /* SmartExchange - Store Trade-in-Bridging-Header.h */,
				594E46D827D36B7E00602BE4 /* Localizable.strings */,
			);
			path = "SmartExchange - Store Trade-in";
			sourceTree = "<group>";
		};
		594E45F427D350F500602BE4 /* SmartExchange - Store Trade-inTests */ = {
			isa = PBXGroup;
			children = (
				594E45F527D350F500602BE4 /* SmartExchange___Store_Trade_inTests.swift */,
			);
			path = "SmartExchange - Store Trade-inTests";
			sourceTree = "<group>";
		};
		594E45FE27D350F500602BE4 /* SmartExchange - Store Trade-inUITests */ = {
			isa = PBXGroup;
			children = (
				594E45FF27D350F500602BE4 /* SmartExchange___Store_Trade_inUITests.swift */,
				594E460127D350F500602BE4 /* SmartExchange___Store_Trade_inUITestsLaunchTests.swift */,
			);
			path = "SmartExchange - Store Trade-inUITests";
			sourceTree = "<group>";
		};
		594E461027D354E400602BE4 /* AppDelegate */ = {
			isa = PBXGroup;
			children = (
				594E45DE27D350F100602BE4 /* AppDelegate.swift */,
				594E45E027D350F100602BE4 /* SceneDelegate.swift */,
			);
			path = AppDelegate;
			sourceTree = "<group>";
		};
		594E461B27D3556600602BE4 /* AppUtility */ = {
			isa = PBXGroup;
			children = (
				594E461527D3555C00602BE4 /* AllExtensions.swift */,
				594E461327D3555C00602BE4 /* AppConstant.swift */,
				594E461227D3555C00602BE4 /* DeviceModel.swift */,
				594E461427D3555C00602BE4 /* PaddingLabel.swift */,
				594E461127D3555C00602BE4 /* ViewController-Extension.swift */,
			);
			path = AppUtility;
			sourceTree = "<group>";
		};
		594E463627D355EF00602BE4 /* AppViewControllers */ = {
			isa = PBXGroup;
			children = (
				594E470027D36E8700602BE4 /* WalkThroughVC */,
				594E46FF27D36E7500602BE4 /* hardwareQuestions */,
				594E46FE27D36E3900602BE4 /* DiagnosticSDK */,
				594E461C27D355CF00602BE4 /* EndGameVC.swift */,
				594E462527D355D000602BE4 /* EntryNavigationVC.swift */,
				594E462627D355D000602BE4 /* FinalQuoteVC.swift */,
				594E461E27D355CF00602BE4 /* HomeVC.swift */,
				594E462427D355D000602BE4 /* ImeiVC.swift */,
				594E462227D355D000602BE4 /* PreviousQuoteVC.swift */,
				594E462327D355D000602BE4 /* QuoteDetailVC.swift */,
				594E461D27D355CF00602BE4 /* StoreTokenVC.swift */,
				594E462827D355D000602BE4 /* TradeInFormVC.swift */,
				594E461F27D355CF00602BE4 /* UserDetailVC.swift */,
			);
			path = AppViewControllers;
			sourceTree = "<group>";
		};
		594E463F27D3573400602BE4 /* CollectionViewCell */ = {
			isa = PBXGroup;
			children = (
				594E463727D3572800602BE4 /* CountryCVCell.swift */,
				594E463A27D3572800602BE4 /* CountryCVCell.xib */,
				594E463827D3572800602BE4 /* CountryLanguageCVCell.swift */,
				594E463927D3572800602BE4 /* CountryLanguageCVCell.xib */,
			);
			path = CollectionViewCell;
			sourceTree = "<group>";
		};
		594E465827D3576C00602BE4 /* Roboto-Font */ = {
			isa = PBXGroup;
			children = (
				594E464627D3576200602BE4 /* Roboto-Black.ttf */,
				594E464927D3576300602BE4 /* Roboto-BlackItalic.ttf */,
				594E464227D3576200602BE4 /* Roboto-Bold.ttf */,
				594E464127D3576200602BE4 /* Roboto-BoldItalic.ttf */,
				594E464A27D3576300602BE4 /* Roboto-Italic.ttf */,
				594E464027D3576200602BE4 /* Roboto-Light.ttf */,
				594E464327D3576200602BE4 /* Roboto-LightItalic.ttf */,
				594E464427D3576200602BE4 /* Roboto-Medium.ttf */,
				594E464527D3576200602BE4 /* Roboto-MediumItalic.ttf */,
				594E464B27D3576300602BE4 /* Roboto-Regular.ttf */,
				594E464727D3576200602BE4 /* Roboto-Thin.ttf */,
				594E464827D3576300602BE4 /* Roboto-ThinItalic.ttf */,
			);
			path = "Roboto-Font";
			sourceTree = "<group>";
		};
		594E466127D357AD00602BE4 /* FormTableCell */ = {
			isa = PBXGroup;
			children = (
				594E465C27D357A300602BE4 /* HtmlCell.swift */,
				594E465B27D357A300602BE4 /* MobileNumberCell.swift */,
				594E465927D357A300602BE4 /* SelectTextCell.swift */,
				594E465A27D357A300602BE4 /* TextBoxCell.swift */,
			);
			path = FormTableCell;
			sourceTree = "<group>";
		};
		594E467027D357E000602BE4 /* Gifs */ = {
			isa = PBXGroup;
			children = (
				594E466527D357D600602BE4 /* charging.gif */,
				594E466227D357D600602BE4 /* earphone_jack.gif */,
				594E466427D357D600602BE4 /* final_touch.gif */,
				594E466727D357D600602BE4 /* internal.gif */,
				594E466627D357D600602BE4 /* proximity.gif */,
				594E466827D357D600602BE4 /* rotation.gif */,
				594E466327D357D600602BE4 /* speech.gif */,
			);
			path = Gifs;
			sourceTree = "<group>";
		};
		594E467727D3665C00602BE4 /* Global_Helper */ = {
			isa = PBXGroup;
			children = (
				594E468527D3669500602BE4 /* TPKeyboardAvoidingClasses */,
				594E467327D3665300602BE4 /* Reachability.swift */,
				594E467127D3665300602BE4 /* Recording.swift */,
				594E467227D3665300602BE4 /* UIDropDown.swift */,
			);
			path = Global_Helper;
			sourceTree = "<group>";
		};
		594E468527D3669500602BE4 /* TPKeyboardAvoidingClasses */ = {
			isa = PBXGroup;
			children = (
				594E467A27D3668700602BE4 /* TPKeyboardAvoidingCollectionView.h */,
				594E467D27D3668700602BE4 /* TPKeyboardAvoidingCollectionView.m */,
				594E468027D3668700602BE4 /* TPKeyboardAvoidingScrollView.h */,
				594E467B27D3668700602BE4 /* TPKeyboardAvoidingScrollView.m */,
				594E467927D3668700602BE4 /* TPKeyboardAvoidingTableView.h */,
				594E467F27D3668700602BE4 /* TPKeyboardAvoidingTableView.m */,
				594E467C27D3668700602BE4 /* UIScrollView+TPKeyboardAvoidingAdditions.h */,
				594E467E27D3668700602BE4 /* UIScrollView+TPKeyboardAvoidingAdditions.m */,
			);
			path = TPKeyboardAvoidingClasses;
			sourceTree = "<group>";
		};
		594E469227D3672400602BE4 /* Cosmetic */ = {
			isa = PBXGroup;
			children = (
				594E468A27D3671800602BE4 /* ConditionValue.swift */,
				594E468C27D3671800602BE4 /* CosmeticQuestions.swift */,
				594E468927D3671800602BE4 /* Msg.swift */,
				594E468827D3671800602BE4 /* Questions.swift */,
				594E468B27D3671800602BE4 /* SpecificationValue.swift */,
			);
			path = Cosmetic;
			sourceTree = "<group>";
		};
		594E469727D3675900602BE4 /* FirebaseStoreData */ = {
			isa = PBXGroup;
			children = (
				594E469427D3674C00602BE4 /* CountryLanguages.swift */,
				594E469327D3674C00602BE4 /* StoreUrlData.swift */,
			);
			path = FirebaseStoreData;
			sourceTree = "<group>";
		};
		594E469827D3677900602BE4 /* Modals */ = {
			isa = PBXGroup;
			children = (
				594E469727D3675900602BE4 /* FirebaseStoreData */,
				594E469227D3672400602BE4 /* Cosmetic */,
			);
			path = Modals;
			sourceTree = "<group>";
		};
		594E46AF27D367AB00602BE4 /* Mp3 */ = {
			isa = PBXGroup;
			children = (
				594E46A027D367A200602BE4 /* eight.wav */,
				594E469A27D367A100602BE4 /* five.wav */,
				594E469927D367A100602BE4 /* four.wav */,
				594E469D27D367A100602BE4 /* nine.wav */,
				594E469E27D367A200602BE4 /* one.wav */,
				594E469C27D367A100602BE4 /* seven.wav */,
				594E469F27D367A200602BE4 /* six.wav */,
				594E46A127D367A200602BE4 /* three.wav */,
				594E46A227D367A200602BE4 /* two.wav */,
				594E469B27D367A100602BE4 /* whistle.mp3 */,
				594E46A327D367A200602BE4 /* zero.wav */,
			);
			path = Mp3;
			sourceTree = "<group>";
		};
		594E46C027D3680100602BE4 /* TableViewCell */ = {
			isa = PBXGroup;
			children = (
				594E46B527D367FA00602BE4 /* ResultCell.swift */,
				594E46B327D367FA00602BE4 /* ResultCell.xib */,
				594E46B127D367F900602BE4 /* SkipTestCell.swift */,
				594E46B627D367FA00602BE4 /* SkipTestCell.xib */,
				594E46B227D367F900602BE4 /* TestResultCell.swift */,
				594E46B427D367FA00602BE4 /* TestResultCell.xib */,
				594E46B727D367FA00602BE4 /* TestResultTitleCell.swift */,
				594E46B027D367F900602BE4 /* TestResultTitleCell.xib */,
			);
			path = TableViewCell;
			sourceTree = "<group>";
		};
		594E46C427D3686400602BE4 /* Storyboards */ = {
			isa = PBXGroup;
			children = (
				594E45E427D350F100602BE4 /* Main.storyboard */,
				594E46C127D3684F00602BE4 /* InstaCash.storyboard */,
				594E45E927D350F500602BE4 /* LaunchScreen.storyboard */,
			);
			path = Storyboards;
			sourceTree = "<group>";
		};
		594E46FE27D36E3900602BE4 /* DiagnosticSDK */ = {
			isa = PBXGroup;
			children = (
				594E46E227D36E1C00602BE4 /* AutoRotationVC.swift */,
				594E46E927D36E1D00602BE4 /* BackgroundTestsVC.swift */,
				594E46EA27D36E1D00602BE4 /* BiometricVC.swift */,
				594E46E027D36E1B00602BE4 /* CameraVC.swift */,
				594E46E427D36E1C00602BE4 /* ChargerVC.swift */,
				594E46ED27D36E1E00602BE4 /* DeadPixelsVC.swift */,
				594E46E827D36E1D00602BE4 /* DiagnosticTestResultVC.swift */,
				594E46EB27D36E1D00602BE4 /* EarphoneVC.swift */,
				594E46EC27D36E1E00602BE4 /* FlashLightVC.swift */,
				594E46E627D36E1C00602BE4 /* MicroPhoneVC.swift */,
				594E46E327D36E1C00602BE4 /* ProximityVC.swift */,
				594E46E527D36E1C00602BE4 /* ScreenCalibrationVC.swift */,
				594E46DF27D36E1B00602BE4 /* SpeakerVC.swift */,
				594E46E127D36E1B00602BE4 /* VibratorVC.swift */,
				594E46DE27D36E1B00602BE4 /* VolumeButtonVC.swift */,
				594E46E727D36E1D00602BE4 /* WiFiVC.swift */,
			);
			path = DiagnosticSDK;
			sourceTree = "<group>";
		};
		594E46FF27D36E7500602BE4 /* hardwareQuestions */ = {
			isa = PBXGroup;
			children = (
				594E470527D36EB300602BE4 /* CosmeticQuestionsVC1.swift */,
			);
			path = hardwareQuestions;
			sourceTree = "<group>";
		};
		594E470027D36E8700602BE4 /* WalkThroughVC */ = {
			isa = PBXGroup;
			children = (
				594E470227D36EAC00602BE4 /* WalkThroughEndVC.swift */,
				594E470127D36EAB00602BE4 /* WalkThroughVC.swift */,
			);
			path = WalkThroughVC;
			sourceTree = "<group>";
		};
		6DEA608AB5341ABBCD702A10 /* Frameworks */ = {
			isa = PBXGroup;
			children = (
				6586E9BD30F53F33AEE3DF69 /* Pods_SmartExchange___Store_Trade_in.framework */,
				E857705C5F29DE574E64D437 /* Pods_SmartExchange___Store_Trade_in_SmartExchange___Store_Trade_inUITests.framework */,
				CCA5DF4A086B87160B8D47CA /* Pods_SmartExchange___Store_Trade_inTests.framework */,
			);
			name = Frameworks;
			sourceTree = "<group>";
		};
/* End PBXGroup section */

/* Begin PBXNativeTarget section */
		594E45DA27D350F100602BE4 /* SmartExchange - Store Trade-in */ = {
			isa = PBXNativeTarget;
			buildConfigurationList = 594E460527D350F500602BE4 /* Build configuration list for PBXNativeTarget "SmartExchange - Store Trade-in" */;
			buildPhases = (
				497FF690E3C4DAA165A55792 /* [CP] Check Pods Manifest.lock */,
				594E45D727D350F100602BE4 /* Sources */,
				594E45D827D350F100602BE4 /* Frameworks */,
				594E45D927D350F100602BE4 /* Resources */,
				594E460F27D352B700602BE4 /* ShellScript */,
				DBF10EDD9E370CAF11BB2D56 /* [CP] Embed Pods Frameworks */,
			);
			buildRules = (
			);
			dependencies = (
			);
			name = "SmartExchange - Store Trade-in";
			productName = "SmartExchange - Store Trade-in";
			productReference = 594E45DB27D350F100602BE4 /* SmartExchange - Store Trade-in.app */;
			productType = "com.apple.product-type.application";
		};
		594E45F027D350F500602BE4 /* SmartExchange - Store Trade-inTests */ = {
			isa = PBXNativeTarget;
			buildConfigurationList = 594E460827D350F500602BE4 /* Build configuration list for PBXNativeTarget "SmartExchange - Store Trade-inTests" */;
			buildPhases = (
				B6FF1DAF4A394BB91143B5C7 /* [CP] Check Pods Manifest.lock */,
				594E45ED27D350F500602BE4 /* Sources */,
				594E45EE27D350F500602BE4 /* Frameworks */,
				594E45EF27D350F500602BE4 /* Resources */,
			);
			buildRules = (
			);
			dependencies = (
				594E45F327D350F500602BE4 /* PBXTargetDependency */,
			);
			name = "SmartExchange - Store Trade-inTests";
			productName = "SmartExchange - Store Trade-inTests";
			productReference = 594E45F127D350F500602BE4 /* SmartExchange - Store Trade-inTests.xctest */;
			productType = "com.apple.product-type.bundle.unit-test";
		};
		594E45FA27D350F500602BE4 /* SmartExchange - Store Trade-inUITests */ = {
			isa = PBXNativeTarget;
			buildConfigurationList = 594E460B27D350F500602BE4 /* Build configuration list for PBXNativeTarget "SmartExchange - Store Trade-inUITests" */;
			buildPhases = (
				AD7BA45EEA3777878F01C42E /* [CP] Check Pods Manifest.lock */,
				594E45F727D350F500602BE4 /* Sources */,
				594E45F827D350F500602BE4 /* Frameworks */,
				594E45F927D350F500602BE4 /* Resources */,
				9E8ABCC8CA976486493CAE0B /* [CP] Embed Pods Frameworks */,
			);
			buildRules = (
			);
			dependencies = (
				594E45FD27D350F500602BE4 /* PBXTargetDependency */,
			);
			name = "SmartExchange - Store Trade-inUITests";
			productName = "SmartExchange - Store Trade-inUITests";
			productReference = 594E45FB27D350F500602BE4 /* SmartExchange - Store Trade-inUITests.xctest */;
			productType = "com.apple.product-type.bundle.ui-testing";
		};
/* End PBXNativeTarget section */

/* Begin PBXProject section */
		594E45D327D350F100602BE4 /* Project object */ = {
			isa = PBXProject;
			attributes = {
				BuildIndependentTargetsInParallel = 1;
				LastSwiftUpdateCheck = 1320;
				LastUpgradeCheck = 1320;
				TargetAttributes = {
					594E45DA27D350F100602BE4 = {
						CreatedOnToolsVersion = 13.2.1;
						LastSwiftMigration = 1320;
					};
					594E45F027D350F500602BE4 = {
						CreatedOnToolsVersion = 13.2.1;
						TestTargetID = 594E45DA27D350F100602BE4;
					};
					594E45FA27D350F500602BE4 = {
						CreatedOnToolsVersion = 13.2.1;
						TestTargetID = 594E45DA27D350F100602BE4;
					};
				};
			};
			buildConfigurationList = 594E45D627D350F100602BE4 /* Build configuration list for PBXProject "SmartExchange - Store Trade-in" */;
			compatibilityVersion = "Xcode 13.0";
			developmentRegion = en;
			hasScannedForEncodings = 0;
			knownRegions = (
				en,
				Base,
				vi,
				th,
				id,
				"zh-Hans",
				"zh-Hant",
			);
			mainGroup = 594E45D227D350F100602BE4;
			productRefGroup = 594E45DC27D350F100602BE4 /* Products */;
			projectDirPath = "";
			projectRoot = "";
			targets = (
				594E45DA27D350F100602BE4 /* SmartExchange - Store Trade-in */,
				594E45F027D350F500602BE4 /* SmartExchange - Store Trade-inTests */,
				594E45FA27D350F500602BE4 /* SmartExchange - Store Trade-inUITests */,
			);
		};
/* End PBXProject section */

/* Begin PBXResourcesBuildPhase section */
		594E45D927D350F100602BE4 /* Resources */ = {
			isa = PBXResourcesBuildPhase;
			buildActionMask = 2147483647;
			files = (
				594E46A527D367A200602BE4 /* five.wav in Resources */,
				594E46BB27D367FA00602BE4 /* ResultCell.xib in Resources */,
				594E465327D3576300602BE4 /* Roboto-Thin.ttf in Resources */,
				594E465027D3576300602BE4 /* Roboto-Medium.ttf in Resources */,
				594E46A827D367A200602BE4 /* nine.wav in Resources */,
				594E465727D3576300602BE4 /* Roboto-Regular.ttf in Resources */,
				594E46BC27D367FA00602BE4 /* TestResultCell.xib in Resources */,
				594E466B27D357D700602BE4 /* final_touch.gif in Resources */,
				594E45EB27D350F500602BE4 /* LaunchScreen.storyboard in Resources */,
				594E46BE27D367FA00602BE4 /* SkipTestCell.xib in Resources */,
				594E46A727D367A200602BE4 /* seven.wav in Resources */,
				594E465227D3576300602BE4 /* Roboto-Black.ttf in Resources */,
				594E46AD27D367A200602BE4 /* two.wav in Resources */,
				594E463D27D3572800602BE4 /* CountryLanguageCVCell.xib in Resources */,
				594E464F27D3576300602BE4 /* Roboto-LightItalic.ttf in Resources */,
				594E466F27D357D700602BE4 /* rotation.gif in Resources */,
				594E465127D3576300602BE4 /* Roboto-MediumItalic.ttf in Resources */,
				594E45E827D350F500602BE4 /* Assets.xcassets in Resources */,
				594E46AB27D367A200602BE4 /* eight.wav in Resources */,
				594E465627D3576300602BE4 /* Roboto-Italic.ttf in Resources */,
				594E46B827D367FA00602BE4 /* TestResultTitleCell.xib in Resources */,
				594E46A627D367A200602BE4 /* whistle.mp3 in Resources */,
				594E466C27D357D700602BE4 /* charging.gif in Resources */,
				594E468727D366DF00602BE4 /* GoogleService-Info.plist in Resources */,
				594E46A927D367A200602BE4 /* one.wav in Resources */,
				594E464E27D3576300602BE4 /* Roboto-Bold.ttf in Resources */,
				594E465427D3576300602BE4 /* Roboto-ThinItalic.ttf in Resources */,
				594E46A427D367A200602BE4 /* four.wav in Resources */,
				594E466E27D357D700602BE4 /* internal.gif in Resources */,
				594E465527D3576300602BE4 /* Roboto-BlackItalic.ttf in Resources */,
				594E46C327D3684F00602BE4 /* InstaCash.storyboard in Resources */,
				594E45E627D350F100602BE4 /* Main.storyboard in Resources */,
				594E46AE27D367A200602BE4 /* zero.wav in Resources */,
				594E463E27D3572800602BE4 /* CountryCVCell.xib in Resources */,
				594E466A27D357D700602BE4 /* speech.gif in Resources */,
				594E464D27D3576300602BE4 /* Roboto-BoldItalic.ttf in Resources */,
				594E466927D357D700602BE4 /* earphone_jack.gif in Resources */,
				594E46D627D36B7E00602BE4 /* Localizable.strings in Resources */,
				594E46AC27D367A200602BE4 /* three.wav in Resources */,
				594E466D27D357D700602BE4 /* proximity.gif in Resources */,
				594E464C27D3576300602BE4 /* Roboto-Light.ttf in Resources */,
				594E46AA27D367A200602BE4 /* six.wav in Resources */,
			);
			runOnlyForDeploymentPostprocessing = 0;
		};
		594E45EF27D350F500602BE4 /* Resources */ = {
			isa = PBXResourcesBuildPhase;
			buildActionMask = 2147483647;
			files = (
			);
			runOnlyForDeploymentPostprocessing = 0;
		};
		594E45F927D350F500602BE4 /* Resources */ = {
			isa = PBXResourcesBuildPhase;
			buildActionMask = 2147483647;
			files = (
			);
			runOnlyForDeploymentPostprocessing = 0;
		};
/* End PBXResourcesBuildPhase section */

/* Begin PBXShellScriptBuildPhase section */
		497FF690E3C4DAA165A55792 /* [CP] Check Pods Manifest.lock */ = {
			isa = PBXShellScriptBuildPhase;
			buildActionMask = 2147483647;
			files = (
			);
			inputFileListPaths = (
			);
			inputPaths = (
				"${PODS_PODFILE_DIR_PATH}/Podfile.lock",
				"${PODS_ROOT}/Manifest.lock",
			);
			name = "[CP] Check Pods Manifest.lock";
			outputFileListPaths = (
			);
			outputPaths = (
				"$(DERIVED_FILE_DIR)/Pods-SmartExchange - Store Trade-in-checkManifestLockResult.txt",
			);
			runOnlyForDeploymentPostprocessing = 0;
			shellPath = /bin/sh;
			shellScript = "diff \"${PODS_PODFILE_DIR_PATH}/Podfile.lock\" \"${PODS_ROOT}/Manifest.lock\" > /dev/null\nif [ $? != 0 ] ; then\n    # print error to STDERR\n    echo \"error: The sandbox is not in sync with the Podfile.lock. Run 'pod install' or update your CocoaPods installation.\" >&2\n    exit 1\nfi\n# This output is used by Xcode 'outputs' to avoid re-running this script phase.\necho \"SUCCESS\" > \"${SCRIPT_OUTPUT_FILE_0}\"\n";
			showEnvVarsInLog = 0;
		};
		594E460F27D352B700602BE4 /* ShellScript */ = {
			isa = PBXShellScriptBuildPhase;
			buildActionMask = 2147483647;
			files = (
			);
			inputFileListPaths = (
			);
			inputPaths = (
				"${DWARF_DSYM_FOLDER_PATH}/${DWARF_DSYM_FILE_NAME}/Contents/Resources/DWARF/${TARGET_NAME}",
				"$(SRCROOT)/$(BUILT_PRODUCTS_DIR)/$(INFOPLIST_PATH)",
			);
			outputFileListPaths = (
			);
			outputPaths = (
			);
			runOnlyForDeploymentPostprocessing = 0;
			shellPath = /bin/sh;
			shellScript = "# Type a script or drag a script file from your workspace to insert its path.\n\"${PODS_ROOT}/FirebaseCrashlytics/run\"\n\n";
		};
		9E8ABCC8CA976486493CAE0B /* [CP] Embed Pods Frameworks */ = {
			isa = PBXShellScriptBuildPhase;
			buildActionMask = 2147483647;
			files = (
			);
			inputFileListPaths = (
				"${PODS_ROOT}/Target Support Files/Pods-SmartExchange - Store Trade-in-SmartExchange - Store Trade-inUITests/Pods-SmartExchange - Store Trade-in-SmartExchange - Store Trade-inUITests-frameworks-${CONFIGURATION}-input-files.xcfilelist",
			);
			name = "[CP] Embed Pods Frameworks";
			outputFileListPaths = (
				"${PODS_ROOT}/Target Support Files/Pods-SmartExchange - Store Trade-in-SmartExchange - Store Trade-inUITests/Pods-SmartExchange - Store Trade-in-SmartExchange - Store Trade-inUITests-frameworks-${CONFIGURATION}-output-files.xcfilelist",
			);
			runOnlyForDeploymentPostprocessing = 0;
			shellPath = /bin/sh;
			shellScript = "\"${PODS_ROOT}/Target Support Files/Pods-SmartExchange - Store Trade-in-SmartExchange - Store Trade-inUITests/Pods-SmartExchange - Store Trade-in-SmartExchange - Store Trade-inUITests-frameworks.sh\"\n";
			showEnvVarsInLog = 0;
		};
		AD7BA45EEA3777878F01C42E /* [CP] Check Pods Manifest.lock */ = {
			isa = PBXShellScriptBuildPhase;
			buildActionMask = 2147483647;
			files = (
			);
			inputFileListPaths = (
			);
			inputPaths = (
				"${PODS_PODFILE_DIR_PATH}/Podfile.lock",
				"${PODS_ROOT}/Manifest.lock",
			);
			name = "[CP] Check Pods Manifest.lock";
			outputFileListPaths = (
			);
			outputPaths = (
				"$(DERIVED_FILE_DIR)/Pods-SmartExchange - Store Trade-in-SmartExchange - Store Trade-inUITests-checkManifestLockResult.txt",
			);
			runOnlyForDeploymentPostprocessing = 0;
			shellPath = /bin/sh;
			shellScript = "diff \"${PODS_PODFILE_DIR_PATH}/Podfile.lock\" \"${PODS_ROOT}/Manifest.lock\" > /dev/null\nif [ $? != 0 ] ; then\n    # print error to STDERR\n    echo \"error: The sandbox is not in sync with the Podfile.lock. Run 'pod install' or update your CocoaPods installation.\" >&2\n    exit 1\nfi\n# This output is used by Xcode 'outputs' to avoid re-running this script phase.\necho \"SUCCESS\" > \"${SCRIPT_OUTPUT_FILE_0}\"\n";
			showEnvVarsInLog = 0;
		};
		B6FF1DAF4A394BB91143B5C7 /* [CP] Check Pods Manifest.lock */ = {
			isa = PBXShellScriptBuildPhase;
			buildActionMask = 2147483647;
			files = (
			);
			inputFileListPaths = (
			);
			inputPaths = (
				"${PODS_PODFILE_DIR_PATH}/Podfile.lock",
				"${PODS_ROOT}/Manifest.lock",
			);
			name = "[CP] Check Pods Manifest.lock";
			outputFileListPaths = (
			);
			outputPaths = (
				"$(DERIVED_FILE_DIR)/Pods-SmartExchange - Store Trade-inTests-checkManifestLockResult.txt",
			);
			runOnlyForDeploymentPostprocessing = 0;
			shellPath = /bin/sh;
			shellScript = "diff \"${PODS_PODFILE_DIR_PATH}/Podfile.lock\" \"${PODS_ROOT}/Manifest.lock\" > /dev/null\nif [ $? != 0 ] ; then\n    # print error to STDERR\n    echo \"error: The sandbox is not in sync with the Podfile.lock. Run 'pod install' or update your CocoaPods installation.\" >&2\n    exit 1\nfi\n# This output is used by Xcode 'outputs' to avoid re-running this script phase.\necho \"SUCCESS\" > \"${SCRIPT_OUTPUT_FILE_0}\"\n";
			showEnvVarsInLog = 0;
		};
		DBF10EDD9E370CAF11BB2D56 /* [CP] Embed Pods Frameworks */ = {
			isa = PBXShellScriptBuildPhase;
			buildActionMask = 2147483647;
			files = (
			);
			inputFileListPaths = (
				"${PODS_ROOT}/Target Support Files/Pods-SmartExchange - Store Trade-in/Pods-SmartExchange - Store Trade-in-frameworks-${CONFIGURATION}-input-files.xcfilelist",
			);
			name = "[CP] Embed Pods Frameworks";
			outputFileListPaths = (
				"${PODS_ROOT}/Target Support Files/Pods-SmartExchange - Store Trade-in/Pods-SmartExchange - Store Trade-in-frameworks-${CONFIGURATION}-output-files.xcfilelist",
			);
			runOnlyForDeploymentPostprocessing = 0;
			shellPath = /bin/sh;
			shellScript = "\"${PODS_ROOT}/Target Support Files/Pods-SmartExchange - Store Trade-in/Pods-SmartExchange - Store Trade-in-frameworks.sh\"\n";
			showEnvVarsInLog = 0;
		};
/* End PBXShellScriptBuildPhase section */

/* Begin PBXSourcesBuildPhase section */
		594E45D727D350F100602BE4 /* Sources */ = {
			isa = PBXSourcesBuildPhase;
			buildActionMask = 2147483647;
			files = (
				594E465F27D357A300602BE4 /* MobileNumberCell.swift in Sources */,
				594E470327D36EAC00602BE4 /* WalkThroughVC.swift in Sources */,
				594E469027D3671800602BE4 /* SpecificationValue.swift in Sources */,
				594E46F627D36E1E00602BE4 /* MicroPhoneVC.swift in Sources */,
				594E462F27D355D000602BE4 /* PreviousQuoteVC.swift in Sources */,
				594E46F127D36E1E00602BE4 /* VibratorVC.swift in Sources */,
				594E463527D355D000602BE4 /* TradeInFormVC.swift in Sources */,
				594E461927D3555C00602BE4 /* PaddingLabel.swift in Sources */,
				594E467527D3665300602BE4 /* UIDropDown.swift in Sources */,
				594E470627D36EB400602BE4 /* CosmeticQuestionsVC1.swift in Sources */,
				594E46B927D367FA00602BE4 /* SkipTestCell.swift in Sources */,
				594E46BF27D367FA00602BE4 /* TestResultTitleCell.swift in Sources */,
				594E468327D3668700602BE4 /* UIScrollView+TPKeyboardAvoidingAdditions.m in Sources */,
				594E465E27D357A300602BE4 /* TextBoxCell.swift in Sources */,
				594E46FD27D36E1E00602BE4 /* DeadPixelsVC.swift in Sources */,
				594E46EF27D36E1E00602BE4 /* SpeakerVC.swift in Sources */,
				594E468227D3668700602BE4 /* TPKeyboardAvoidingCollectionView.m in Sources */,
				594E468D27D3671800602BE4 /* Questions.swift in Sources */,
				594E466027D357A300602BE4 /* HtmlCell.swift in Sources */,
				594E462B27D355D000602BE4 /* HomeVC.swift in Sources */,
				594E469627D3674C00602BE4 /* CountryLanguages.swift in Sources */,
				594E468E27D3671800602BE4 /* Msg.swift in Sources */,
				594E46FA27D36E1E00602BE4 /* BiometricVC.swift in Sources */,
				594E46FC27D36E1E00602BE4 /* FlashLightVC.swift in Sources */,
				594E468F27D3671800602BE4 /* ConditionValue.swift in Sources */,
				594E467427D3665300602BE4 /* Recording.swift in Sources */,
				594E45DF27D350F100602BE4 /* AppDelegate.swift in Sources */,
				594E46BD27D367FA00602BE4 /* ResultCell.swift in Sources */,
				594E463B27D3572800602BE4 /* CountryCVCell.swift in Sources */,
				594E461727D3555C00602BE4 /* DeviceModel.swift in Sources */,
				594E467627D3665300602BE4 /* Reachability.swift in Sources */,
				594E461827D3555C00602BE4 /* AppConstant.swift in Sources */,
				594E46F527D36E1E00602BE4 /* ScreenCalibrationVC.swift in Sources */,
				594E465D27D357A300602BE4 /* SelectTextCell.swift in Sources */,
				594E468127D3668700602BE4 /* TPKeyboardAvoidingScrollView.m in Sources */,
				594E46F027D36E1E00602BE4 /* CameraVC.swift in Sources */,
				594E46EE27D36E1E00602BE4 /* VolumeButtonVC.swift in Sources */,
				594E46F327D36E1E00602BE4 /* ProximityVC.swift in Sources */,
				594E463027D355D000602BE4 /* QuoteDetailVC.swift in Sources */,
				594E463227D355D000602BE4 /* EntryNavigationVC.swift in Sources */,
				594E462927D355D000602BE4 /* EndGameVC.swift in Sources */,
				594E468427D3668700602BE4 /* TPKeyboardAvoidingTableView.m in Sources */,
				594E462A27D355D000602BE4 /* StoreTokenVC.swift in Sources */,
				594E470427D36EAC00602BE4 /* WalkThroughEndVC.swift in Sources */,
				594E461627D3555C00602BE4 /* ViewController-Extension.swift in Sources */,
				594E463127D355D000602BE4 /* ImeiVC.swift in Sources */,
				594E46F827D36E1E00602BE4 /* DiagnosticTestResultVC.swift in Sources */,
				594E46F227D36E1E00602BE4 /* AutoRotationVC.swift in Sources */,
				594E463C27D3572800602BE4 /* CountryLanguageCVCell.swift in Sources */,
				594E45E127D350F100602BE4 /* SceneDelegate.swift in Sources */,
				594E469527D3674C00602BE4 /* StoreUrlData.swift in Sources */,
				594E46BA27D367FA00602BE4 /* TestResultCell.swift in Sources */,
				594E462C27D355D000602BE4 /* UserDetailVC.swift in Sources */,
				594E463327D355D000602BE4 /* FinalQuoteVC.swift in Sources */,
				594E469127D3671800602BE4 /* CosmeticQuestions.swift in Sources */,
				594E46FB27D36E1E00602BE4 /* EarphoneVC.swift in Sources */,
				594E46F727D36E1E00602BE4 /* WiFiVC.swift in Sources */,
				594E461A27D3555C00602BE4 /* AllExtensions.swift in Sources */,
				594E46F927D36E1E00602BE4 /* BackgroundTestsVC.swift in Sources */,
				594E46F427D36E1E00602BE4 /* ChargerVC.swift in Sources */,
			);
			runOnlyForDeploymentPostprocessing = 0;
		};
		594E45ED27D350F500602BE4 /* Sources */ = {
			isa = PBXSourcesBuildPhase;
			buildActionMask = 2147483647;
			files = (
				594E45F627D350F500602BE4 /* SmartExchange___Store_Trade_inTests.swift in Sources */,
			);
			runOnlyForDeploymentPostprocessing = 0;
		};
		594E45F727D350F500602BE4 /* Sources */ = {
			isa = PBXSourcesBuildPhase;
			buildActionMask = 2147483647;
			files = (
				594E460027D350F500602BE4 /* SmartExchange___Store_Trade_inUITests.swift in Sources */,
				594E460227D350F500602BE4 /* SmartExchange___Store_Trade_inUITestsLaunchTests.swift in Sources */,
			);
			runOnlyForDeploymentPostprocessing = 0;
		};
/* End PBXSourcesBuildPhase section */

/* Begin PBXTargetDependency section */
		594E45F327D350F500602BE4 /* PBXTargetDependency */ = {
			isa = PBXTargetDependency;
			target = 594E45DA27D350F100602BE4 /* SmartExchange - Store Trade-in */;
			targetProxy = 594E45F227D350F500602BE4 /* PBXContainerItemProxy */;
		};
		594E45FD27D350F500602BE4 /* PBXTargetDependency */ = {
			isa = PBXTargetDependency;
			target = 594E45DA27D350F100602BE4 /* SmartExchange - Store Trade-in */;
			targetProxy = 594E45FC27D350F500602BE4 /* PBXContainerItemProxy */;
		};
/* End PBXTargetDependency section */

/* Begin PBXVariantGroup section */
		594E45E427D350F100602BE4 /* Main.storyboard */ = {
			isa = PBXVariantGroup;
			children = (
				594E45E527D350F100602BE4 /* Base */,
				594E46C727D368C800602BE4 /* vi */,
				594E46CA27D368DE00602BE4 /* th */,
				594E46CD27D3692200602BE4 /* id */,
				594E46D027D3696F00602BE4 /* zh-Hans */,
				594E46D327D369B900602BE4 /* zh-Hant */,
			);
			name = Main.storyboard;
			sourceTree = "<group>";
		};
		594E45E927D350F500602BE4 /* LaunchScreen.storyboard */ = {
			isa = PBXVariantGroup;
			children = (
				594E45EA27D350F500602BE4 /* Base */,
				594E46C927D368CC00602BE4 /* vi */,
				594E46CC27D3690E00602BE4 /* th */,
				594E46CF27D3695200602BE4 /* id */,
				594E46D227D3699E00602BE4 /* zh-Hans */,
				594E46D527D369E700602BE4 /* zh-Hant */,
			);
			name = LaunchScreen.storyboard;
			sourceTree = "<group>";
		};
		594E46C127D3684F00602BE4 /* InstaCash.storyboard */ = {
			isa = PBXVariantGroup;
			children = (
				594E46C227D3684F00602BE4 /* Base */,
				594E46C827D368CB00602BE4 /* vi */,
				594E46CB27D3690D00602BE4 /* th */,
				594E46CE27D3692400602BE4 /* id */,
				594E46D127D3699D00602BE4 /* zh-Hans */,
				594E46D427D369E600602BE4 /* zh-Hant */,
			);
			name = InstaCash.storyboard;
			sourceTree = "<group>";
		};
		594E46D827D36B7E00602BE4 /* Localizable.strings */ = {
			isa = PBXVariantGroup;
			children = (
				594E46D727D36B7E00602BE4 /* en */,
				594E46D927D36B8800602BE4 /* zh-Hans */,
				594E46DA27D36B8C00602BE4 /* zh-Hant */,
				594E46DB27D36B8E00602BE4 /* th */,
				594E46DC27D36B9200602BE4 /* id */,
				594E46DD27D36B9400602BE4 /* vi */,
			);
			name = Localizable.strings;
			sourceTree = "<group>";
		};
/* End PBXVariantGroup section */

/* Begin XCBuildConfiguration section */
		594E460327D350F500602BE4 /* Debug */ = {
			isa = XCBuildConfiguration;
			buildSettings = {
				ALWAYS_SEARCH_USER_PATHS = NO;
				CLANG_ANALYZER_LOCALIZABILITY_NONLOCALIZED = YES;
				CLANG_ANALYZER_NONNULL = YES;
				CLANG_ANALYZER_NUMBER_OBJECT_CONVERSION = YES_AGGRESSIVE;
				CLANG_CXX_LANGUAGE_STANDARD = "gnu++17";
				CLANG_CXX_LIBRARY = "libc++";
				CLANG_ENABLE_MODULES = YES;
				CLANG_ENABLE_OBJC_ARC = YES;
				CLANG_ENABLE_OBJC_WEAK = YES;
				CLANG_WARN_BLOCK_CAPTURE_AUTORELEASING = YES;
				CLANG_WARN_BOOL_CONVERSION = YES;
				CLANG_WARN_COMMA = YES;
				CLANG_WARN_CONSTANT_CONVERSION = YES;
				CLANG_WARN_DEPRECATED_OBJC_IMPLEMENTATIONS = YES;
				CLANG_WARN_DIRECT_OBJC_ISA_USAGE = YES_ERROR;
				CLANG_WARN_DOCUMENTATION_COMMENTS = YES;
				CLANG_WARN_EMPTY_BODY = YES;
				CLANG_WARN_ENUM_CONVERSION = YES;
				CLANG_WARN_INFINITE_RECURSION = YES;
				CLANG_WARN_INT_CONVERSION = YES;
				CLANG_WARN_NON_LITERAL_NULL_CONVERSION = YES;
				CLANG_WARN_OBJC_IMPLICIT_RETAIN_SELF = YES;
				CLANG_WARN_OBJC_LITERAL_CONVERSION = YES;
				CLANG_WARN_OBJC_ROOT_CLASS = YES_ERROR;
				CLANG_WARN_QUOTED_INCLUDE_IN_FRAMEWORK_HEADER = YES;
				CLANG_WARN_RANGE_LOOP_ANALYSIS = YES;
				CLANG_WARN_STRICT_PROTOTYPES = YES;
				CLANG_WARN_SUSPICIOUS_MOVE = YES;
				CLANG_WARN_UNGUARDED_AVAILABILITY = YES_AGGRESSIVE;
				CLANG_WARN_UNREACHABLE_CODE = YES;
				CLANG_WARN__DUPLICATE_METHOD_MATCH = YES;
				COPY_PHASE_STRIP = NO;
				DEBUG_INFORMATION_FORMAT = dwarf;
				ENABLE_STRICT_OBJC_MSGSEND = YES;
				ENABLE_TESTABILITY = YES;
				GCC_C_LANGUAGE_STANDARD = gnu11;
				GCC_DYNAMIC_NO_PIC = NO;
				GCC_NO_COMMON_BLOCKS = YES;
				GCC_OPTIMIZATION_LEVEL = 0;
				GCC_PREPROCESSOR_DEFINITIONS = (
					"DEBUG=1",
					"$(inherited)",
				);
				GCC_WARN_64_TO_32_BIT_CONVERSION = YES;
				GCC_WARN_ABOUT_RETURN_TYPE = YES_ERROR;
				GCC_WARN_UNDECLARED_SELECTOR = YES;
				GCC_WARN_UNINITIALIZED_AUTOS = YES_AGGRESSIVE;
				GCC_WARN_UNUSED_FUNCTION = YES;
				GCC_WARN_UNUSED_VARIABLE = YES;
				IPHONEOS_DEPLOYMENT_TARGET = 12.0;
				MTL_ENABLE_DEBUG_INFO = INCLUDE_SOURCE;
				MTL_FAST_MATH = YES;
				ONLY_ACTIVE_ARCH = YES;
				SDKROOT = iphoneos;
				SWIFT_ACTIVE_COMPILATION_CONDITIONS = DEBUG;
				SWIFT_OPTIMIZATION_LEVEL = "-Onone";
			};
			name = Debug;
		};
		594E460427D350F500602BE4 /* Release */ = {
			isa = XCBuildConfiguration;
			buildSettings = {
				ALWAYS_SEARCH_USER_PATHS = NO;
				CLANG_ANALYZER_LOCALIZABILITY_NONLOCALIZED = YES;
				CLANG_ANALYZER_NONNULL = YES;
				CLANG_ANALYZER_NUMBER_OBJECT_CONVERSION = YES_AGGRESSIVE;
				CLANG_CXX_LANGUAGE_STANDARD = "gnu++17";
				CLANG_CXX_LIBRARY = "libc++";
				CLANG_ENABLE_MODULES = YES;
				CLANG_ENABLE_OBJC_ARC = YES;
				CLANG_ENABLE_OBJC_WEAK = YES;
				CLANG_WARN_BLOCK_CAPTURE_AUTORELEASING = YES;
				CLANG_WARN_BOOL_CONVERSION = YES;
				CLANG_WARN_COMMA = YES;
				CLANG_WARN_CONSTANT_CONVERSION = YES;
				CLANG_WARN_DEPRECATED_OBJC_IMPLEMENTATIONS = YES;
				CLANG_WARN_DIRECT_OBJC_ISA_USAGE = YES_ERROR;
				CLANG_WARN_DOCUMENTATION_COMMENTS = YES;
				CLANG_WARN_EMPTY_BODY = YES;
				CLANG_WARN_ENUM_CONVERSION = YES;
				CLANG_WARN_INFINITE_RECURSION = YES;
				CLANG_WARN_INT_CONVERSION = YES;
				CLANG_WARN_NON_LITERAL_NULL_CONVERSION = YES;
				CLANG_WARN_OBJC_IMPLICIT_RETAIN_SELF = YES;
				CLANG_WARN_OBJC_LITERAL_CONVERSION = YES;
				CLANG_WARN_OBJC_ROOT_CLASS = YES_ERROR;
				CLANG_WARN_QUOTED_INCLUDE_IN_FRAMEWORK_HEADER = YES;
				CLANG_WARN_RANGE_LOOP_ANALYSIS = YES;
				CLANG_WARN_STRICT_PROTOTYPES = YES;
				CLANG_WARN_SUSPICIOUS_MOVE = YES;
				CLANG_WARN_UNGUARDED_AVAILABILITY = YES_AGGRESSIVE;
				CLANG_WARN_UNREACHABLE_CODE = YES;
				CLANG_WARN__DUPLICATE_METHOD_MATCH = YES;
				COPY_PHASE_STRIP = NO;
				DEBUG_INFORMATION_FORMAT = "dwarf-with-dsym";
				ENABLE_NS_ASSERTIONS = NO;
				ENABLE_STRICT_OBJC_MSGSEND = YES;
				GCC_C_LANGUAGE_STANDARD = gnu11;
				GCC_NO_COMMON_BLOCKS = YES;
				GCC_WARN_64_TO_32_BIT_CONVERSION = YES;
				GCC_WARN_ABOUT_RETURN_TYPE = YES_ERROR;
				GCC_WARN_UNDECLARED_SELECTOR = YES;
				GCC_WARN_UNINITIALIZED_AUTOS = YES_AGGRESSIVE;
				GCC_WARN_UNUSED_FUNCTION = YES;
				GCC_WARN_UNUSED_VARIABLE = YES;
				IPHONEOS_DEPLOYMENT_TARGET = 12.0;
				MTL_ENABLE_DEBUG_INFO = NO;
				MTL_FAST_MATH = YES;
				SDKROOT = iphoneos;
				SWIFT_COMPILATION_MODE = wholemodule;
				SWIFT_OPTIMIZATION_LEVEL = "-O";
				VALIDATE_PRODUCT = YES;
			};
			name = Release;
		};
		594E460627D350F500602BE4 /* Debug */ = {
			isa = XCBuildConfiguration;
			baseConfigurationReference = 90598E6B5B23C64DD199E5B5 /* Pods-SmartExchange - Store Trade-in.debug.xcconfig */;
			buildSettings = {
				ASSETCATALOG_COMPILER_APPICON_NAME = AppIcon;
				ASSETCATALOG_COMPILER_GLOBAL_ACCENT_COLOR_NAME = AccentColor;
				CLANG_ENABLE_MODULES = YES;
				CODE_SIGN_ENTITLEMENTS = "SmartExchange - Store Trade-in/SmartExchange - Store Trade-in.entitlements";
				CODE_SIGN_STYLE = Automatic;
				CURRENT_PROJECT_VERSION = 150;
				DEBUG_INFORMATION_FORMAT = "dwarf-with-dsym";
				DEVELOPMENT_TEAM = FPA74MVT87;
				GENERATE_INFOPLIST_FILE = YES;
				INFOPLIST_FILE = "SmartExchange - Store Trade-in/Info.plist";
				INFOPLIST_KEY_CFBundleDisplayName = "SmartExchange - Store Trade-in";
				INFOPLIST_KEY_NSBluetoothAlwaysUsageDescription = "Bluetooth Permission required for Diagnosing the bluetooth hardware";
				INFOPLIST_KEY_NSBluetoothPeripheralUsageDescription = "Bluetooth Permission required for Diagnosing the bluetooth hardware";
				INFOPLIST_KEY_NSCalendarsUsageDescription = "Calendar Usage permission Required for Resume test time";
				INFOPLIST_KEY_NSCameraUsageDescription = "Camera permission required to check both cameras";
				INFOPLIST_KEY_NSContactsUsageDescription = "Contacts Permission required to fetch user contacts";
				INFOPLIST_KEY_NSFaceIDUsageDescription = "Face Id access required to test FaceId functionality";
				INFOPLIST_KEY_NSLocationAlwaysAndWhenInUseUsageDescription = "Gather location updates to get SSID information and assist customer to schedule order pick up";
				INFOPLIST_KEY_NSLocationAlwaysUsageDescription = "Gather location updates to get SSID information and assist customer to schedule order pick up";
				INFOPLIST_KEY_NSLocationUsageDescription = "Gather location updates to get SSID information and assist customer to schedule order pick up";
				INFOPLIST_KEY_NSLocationWhenInUseUsageDescription = "Gather location updates to get SSID information and assist customer to schedule order pick up";
				INFOPLIST_KEY_NSMicrophoneUsageDescription = "Microphone permission required to check the Mic and Speaker";
				INFOPLIST_KEY_NSPhotoLibraryAddUsageDescription = "Photo library access required to save a picture clicked by you";
				INFOPLIST_KEY_NSPhotoLibraryUsageDescription = "Photo library access required to save a picture clicked by you";
				INFOPLIST_KEY_UIApplicationSupportsIndirectInputEvents = YES;
				INFOPLIST_KEY_UILaunchStoryboardName = LaunchScreen;
				INFOPLIST_KEY_UIMainStoryboardFile = Main;
				INFOPLIST_KEY_UIRequiredDeviceCapabilities = armv7;
				INFOPLIST_KEY_UISupportedInterfaceOrientations = UIInterfaceOrientationPortrait;
				INFOPLIST_KEY_UISupportedInterfaceOrientations_iPad = "UIInterfaceOrientationPortrait UIInterfaceOrientationPortraitUpsideDown UIInterfaceOrientationLandscapeLeft UIInterfaceOrientationLandscapeRight";
				INFOPLIST_KEY_UISupportedInterfaceOrientations_iPhone = "UIInterfaceOrientationPortrait UIInterfaceOrientationLandscapeLeft UIInterfaceOrientationLandscapeRight";
				INFOPLIST_KEY_UIUserInterfaceStyle = Light;
				LD_RUNPATH_SEARCH_PATHS = (
					"$(inherited)",
					"@executable_path/Frameworks",
				);
				MARKETING_VERSION = 1.6.1;
				PRODUCT_BUNDLE_IDENTIFIER = in.getinstacash.exchange;
				PRODUCT_NAME = "$(TARGET_NAME)";
				SWIFT_EMIT_LOC_STRINGS = YES;
				SWIFT_OBJC_BRIDGING_HEADER = "SmartExchange - Store Trade-in/SmartExchange - Store Trade-in-Bridging-Header.h";
				SWIFT_OPTIMIZATION_LEVEL = "-Onone";
				SWIFT_VERSION = 5.0;
				TARGETED_DEVICE_FAMILY = "1,2";
			};
			name = Debug;
		};
		594E460727D350F500602BE4 /* Release */ = {
			isa = XCBuildConfiguration;
			baseConfigurationReference = F42137F02E83A9B566C27FE0 /* Pods-SmartExchange - Store Trade-in.release.xcconfig */;
			buildSettings = {
				ASSETCATALOG_COMPILER_APPICON_NAME = AppIcon;
				ASSETCATALOG_COMPILER_GLOBAL_ACCENT_COLOR_NAME = AccentColor;
				CLANG_ENABLE_MODULES = YES;
				CODE_SIGN_ENTITLEMENTS = "SmartExchange - Store Trade-in/SmartExchange - Store Trade-in.entitlements";
				CODE_SIGN_STYLE = Automatic;
				CURRENT_PROJECT_VERSION = 150;
				DEVELOPMENT_TEAM = FPA74MVT87;
				GENERATE_INFOPLIST_FILE = YES;
				INFOPLIST_FILE = "SmartExchange - Store Trade-in/Info.plist";
				INFOPLIST_KEY_CFBundleDisplayName = "SmartExchange - Store Trade-in";
				INFOPLIST_KEY_NSBluetoothAlwaysUsageDescription = "Bluetooth Permission required for Diagnosing the bluetooth hardware";
				INFOPLIST_KEY_NSBluetoothPeripheralUsageDescription = "Bluetooth Permission required for Diagnosing the bluetooth hardware";
				INFOPLIST_KEY_NSCalendarsUsageDescription = "Calendar Usage permission Required for Resume test time";
				INFOPLIST_KEY_NSCameraUsageDescription = "Camera permission required to check both cameras";
				INFOPLIST_KEY_NSContactsUsageDescription = "Contacts Permission required to fetch user contacts";
				INFOPLIST_KEY_NSFaceIDUsageDescription = "Face Id access required to test FaceId functionality";
				INFOPLIST_KEY_NSLocationAlwaysAndWhenInUseUsageDescription = "Gather location updates to get SSID information and assist customer to schedule order pick up";
				INFOPLIST_KEY_NSLocationAlwaysUsageDescription = "Gather location updates to get SSID information and assist customer to schedule order pick up";
				INFOPLIST_KEY_NSLocationUsageDescription = "Gather location updates to get SSID information and assist customer to schedule order pick up";
				INFOPLIST_KEY_NSLocationWhenInUseUsageDescription = "Gather location updates to get SSID information and assist customer to schedule order pick up";
				INFOPLIST_KEY_NSMicrophoneUsageDescription = "Microphone permission required to check the Mic and Speaker";
				INFOPLIST_KEY_NSPhotoLibraryAddUsageDescription = "Photo library access required to save a picture clicked by you";
				INFOPLIST_KEY_NSPhotoLibraryUsageDescription = "Photo library access required to save a picture clicked by you";
				INFOPLIST_KEY_UIApplicationSupportsIndirectInputEvents = YES;
				INFOPLIST_KEY_UILaunchStoryboardName = LaunchScreen;
				INFOPLIST_KEY_UIMainStoryboardFile = Main;
				INFOPLIST_KEY_UIRequiredDeviceCapabilities = armv7;
				INFOPLIST_KEY_UISupportedInterfaceOrientations = UIInterfaceOrientationPortrait;
				INFOPLIST_KEY_UISupportedInterfaceOrientations_iPad = "UIInterfaceOrientationPortrait UIInterfaceOrientationPortraitUpsideDown UIInterfaceOrientationLandscapeLeft UIInterfaceOrientationLandscapeRight";
				INFOPLIST_KEY_UISupportedInterfaceOrientations_iPhone = "UIInterfaceOrientationPortrait UIInterfaceOrientationLandscapeLeft UIInterfaceOrientationLandscapeRight";
				INFOPLIST_KEY_UIUserInterfaceStyle = Light;
				LD_RUNPATH_SEARCH_PATHS = (
					"$(inherited)",
					"@executable_path/Frameworks",
				);
				MARKETING_VERSION = 1.6.1;
				PRODUCT_BUNDLE_IDENTIFIER = in.getinstacash.exchange;
				PRODUCT_NAME = "$(TARGET_NAME)";
				SWIFT_EMIT_LOC_STRINGS = YES;
				SWIFT_OBJC_BRIDGING_HEADER = "SmartExchange - Store Trade-in/SmartExchange - Store Trade-in-Bridging-Header.h";
				SWIFT_VERSION = 5.0;
				TARGETED_DEVICE_FAMILY = "1,2";
			};
			name = Release;
		};
		594E460927D350F500602BE4 /* Debug */ = {
			isa = XCBuildConfiguration;
			baseConfigurationReference = 6B489BD2A724C705FAE0A758 /* Pods-SmartExchange - Store Trade-inTests.debug.xcconfig */;
			buildSettings = {
				ALWAYS_EMBED_SWIFT_STANDARD_LIBRARIES = YES;
				BUNDLE_LOADER = "$(TEST_HOST)";
				CODE_SIGN_STYLE = Automatic;
				CURRENT_PROJECT_VERSION = 1;
				DEVELOPMENT_TEAM = FPA74MVT87;
				GENERATE_INFOPLIST_FILE = YES;
				IPHONEOS_DEPLOYMENT_TARGET = 15.2;
				MARKETING_VERSION = 1.0;
				PRODUCT_BUNDLE_IDENTIFIER = "in.getinstacash.exchange.SmartExchange---Store-Trade-inTests";
				PRODUCT_NAME = "$(TARGET_NAME)";
				SWIFT_EMIT_LOC_STRINGS = NO;
				SWIFT_VERSION = 5.0;
				TARGETED_DEVICE_FAMILY = "1,2";
				TEST_HOST = "$(BUILT_PRODUCTS_DIR)/SmartExchange - Store Trade-in.app/SmartExchange - Store Trade-in";
			};
			name = Debug;
		};
		594E460A27D350F500602BE4 /* Release */ = {
			isa = XCBuildConfiguration;
			baseConfigurationReference = 6850A1FD4074C7DD67112950 /* Pods-SmartExchange - Store Trade-inTests.release.xcconfig */;
			buildSettings = {
				ALWAYS_EMBED_SWIFT_STANDARD_LIBRARIES = YES;
				BUNDLE_LOADER = "$(TEST_HOST)";
				CODE_SIGN_STYLE = Automatic;
				CURRENT_PROJECT_VERSION = 1;
				DEVELOPMENT_TEAM = FPA74MVT87;
				GENERATE_INFOPLIST_FILE = YES;
				IPHONEOS_DEPLOYMENT_TARGET = 15.2;
				MARKETING_VERSION = 1.0;
				PRODUCT_BUNDLE_IDENTIFIER = "in.getinstacash.exchange.SmartExchange---Store-Trade-inTests";
				PRODUCT_NAME = "$(TARGET_NAME)";
				SWIFT_EMIT_LOC_STRINGS = NO;
				SWIFT_VERSION = 5.0;
				TARGETED_DEVICE_FAMILY = "1,2";
				TEST_HOST = "$(BUILT_PRODUCTS_DIR)/SmartExchange - Store Trade-in.app/SmartExchange - Store Trade-in";
			};
			name = Release;
		};
		594E460C27D350F500602BE4 /* Debug */ = {
			isa = XCBuildConfiguration;
			baseConfigurationReference = 16CA192C40C1753F5B07E4F5 /* Pods-SmartExchange - Store Trade-in-SmartExchange - Store Trade-inUITests.debug.xcconfig */;
			buildSettings = {
				ALWAYS_EMBED_SWIFT_STANDARD_LIBRARIES = YES;
				CODE_SIGN_STYLE = Automatic;
				CURRENT_PROJECT_VERSION = 1;
				DEVELOPMENT_TEAM = FPA74MVT87;
				GENERATE_INFOPLIST_FILE = YES;
				MARKETING_VERSION = 1.0;
				PRODUCT_BUNDLE_IDENTIFIER = "in.getinstacash.exchange.SmartExchange---Store-Trade-inUITests";
				PRODUCT_NAME = "$(TARGET_NAME)";
				SWIFT_EMIT_LOC_STRINGS = NO;
				SWIFT_VERSION = 5.0;
				TARGETED_DEVICE_FAMILY = "1,2";
				TEST_TARGET_NAME = "SmartExchange - Store Trade-in";
			};
			name = Debug;
		};
		594E460D27D350F500602BE4 /* Release */ = {
			isa = XCBuildConfiguration;
			baseConfigurationReference = 9DBF8BC8C3946DAC9217BC37 /* Pods-SmartExchange - Store Trade-in-SmartExchange - Store Trade-inUITests.release.xcconfig */;
			buildSettings = {
				ALWAYS_EMBED_SWIFT_STANDARD_LIBRARIES = YES;
				CODE_SIGN_STYLE = Automatic;
				CURRENT_PROJECT_VERSION = 1;
				DEVELOPMENT_TEAM = FPA74MVT87;
				GENERATE_INFOPLIST_FILE = YES;
				MARKETING_VERSION = 1.0;
				PRODUCT_BUNDLE_IDENTIFIER = "in.getinstacash.exchange.SmartExchange---Store-Trade-inUITests";
				PRODUCT_NAME = "$(TARGET_NAME)";
				SWIFT_EMIT_LOC_STRINGS = NO;
				SWIFT_VERSION = 5.0;
				TARGETED_DEVICE_FAMILY = "1,2";
				TEST_TARGET_NAME = "SmartExchange - Store Trade-in";
			};
			name = Release;
		};
/* End XCBuildConfiguration section */

/* Begin XCConfigurationList section */
		594E45D627D350F100602BE4 /* Build configuration list for PBXProject "SmartExchange - Store Trade-in" */ = {
			isa = XCConfigurationList;
			buildConfigurations = (
				594E460327D350F500602BE4 /* Debug */,
				594E460427D350F500602BE4 /* Release */,
			);
			defaultConfigurationIsVisible = 0;
			defaultConfigurationName = Release;
		};
		594E460527D350F500602BE4 /* Build configuration list for PBXNativeTarget "SmartExchange - Store Trade-in" */ = {
			isa = XCConfigurationList;
			buildConfigurations = (
				594E460627D350F500602BE4 /* Debug */,
				594E460727D350F500602BE4 /* Release */,
			);
			defaultConfigurationIsVisible = 0;
			defaultConfigurationName = Release;
		};
		594E460827D350F500602BE4 /* Build configuration list for PBXNativeTarget "SmartExchange - Store Trade-inTests" */ = {
			isa = XCConfigurationList;
			buildConfigurations = (
				594E460927D350F500602BE4 /* Debug */,
				594E460A27D350F500602BE4 /* Release */,
			);
			defaultConfigurationIsVisible = 0;
			defaultConfigurationName = Release;
		};
		594E460B27D350F500602BE4 /* Build configuration list for PBXNativeTarget "SmartExchange - Store Trade-inUITests" */ = {
			isa = XCConfigurationList;
			buildConfigurations = (
				594E460C27D350F500602BE4 /* Debug */,
				594E460D27D350F500602BE4 /* Release */,
			);
			defaultConfigurationIsVisible = 0;
			defaultConfigurationName = Release;
		};
/* End XCConfigurationList section */
	};
	rootObject = 594E45D327D350F100602BE4 /* Project object */;
}
